// !$*UTF8*$!
{
	archiveVersion = 1;
	classes = {
	};
	objectVersion = 50;
	objects = {

/* Begin PBXBuildFile section */
		ABF63DF3231E14F400E425BB /* Main.storyboard in Resources */ = {isa = PBXBuildFile; fileRef = ABF63DF1231E14F400E425BB /* Main.storyboard */; };
		ABF63DF5231E14F500E425BB /* Assets.xcassets in Resources */ = {isa = PBXBuildFile; fileRef = ABF63DF4231E14F500E425BB /* Assets.xcassets */; };
		ABF63DF8231E14F500E425BB /* LaunchScreen.storyboard in Resources */ = {isa = PBXBuildFile; fileRef = ABF63DF6231E14F500E425BB /* LaunchScreen.storyboard */; };
		ABF63E05231E14F500E425BB /* BuDeJieUITests.m in Sources */ = {isa = PBXBuildFile; fileRef = ABF63E04231E14F500E425BB /* BuDeJieUITests.m */; };
		ABF63E28231E57B300E425BB /* main.m in Sources */ = {isa = PBXBuildFile; fileRef = ABF63E16231E57B200E425BB /* main.m */; };
		ABF63E29231E57B300E425BB /* AppDelegate.m in Sources */ = {isa = PBXBuildFile; fileRef = ABF63E17231E57B200E425BB /* AppDelegate.m */; };
		ABF63E2C231E587B00E425BB /* XMGEssenceViewController.m in Sources */ = {isa = PBXBuildFile; fileRef = ABF63E2B231E587B00E425BB /* XMGEssenceViewController.m */; };
		ABF63E2F231E58DF00E425BB /* XMGFriendTrendViewController.m in Sources */ = {isa = PBXBuildFile; fileRef = ABF63E2E231E58DF00E425BB /* XMGFriendTrendViewController.m */; };
		ABF63E32231E591200E425BB /* XMGMeViewController.m in Sources */ = {isa = PBXBuildFile; fileRef = ABF63E31231E591200E425BB /* XMGMeViewController.m */; };
		ABF63E35231E593C00E425BB /* XMGNewViewController.m in Sources */ = {isa = PBXBuildFile; fileRef = ABF63E34231E593C00E425BB /* XMGNewViewController.m */; };
		ABF63E38231E596200E425BB /* XMGPublishViewController.m in Sources */ = {isa = PBXBuildFile; fileRef = ABF63E37231E596200E425BB /* XMGPublishViewController.m */; };
		ABF63E3F231E8AEA00E425BB /* XMGTabBarController.m in Sources */ = {isa = PBXBuildFile; fileRef = ABF63E3C231E8AEA00E425BB /* XMGTabBarController.m */; };
		ABF63E43231E912500E425BB /* UIImage+Image.m in Sources */ = {isa = PBXBuildFile; fileRef = ABF63E42231E912500E425BB /* UIImage+Image.m */; };
/* End PBXBuildFile section */

/* Begin PBXContainerItemProxy section */
		ABF63E01231E14F500E425BB /* PBXContainerItemProxy */ = {
			isa = PBXContainerItemProxy;
			containerPortal = ABF63DE0231E14F400E425BB /* Project object */;
			proxyType = 1;
			remoteGlobalIDString = ABF63DE7231E14F400E425BB;
			remoteInfo = BuDeJie;
		};
/* End PBXContainerItemProxy section */

/* Begin PBXFileReference section */
		ABF63DE8231E14F400E425BB /* BuDeJie.app */ = {isa = PBXFileReference; explicitFileType = wrapper.application; includeInIndex = 0; path = BuDeJie.app; sourceTree = BUILT_PRODUCTS_DIR; };
		ABF63DF2231E14F400E425BB /* Base */ = {isa = PBXFileReference; lastKnownFileType = file.storyboard; name = Base; path = Base.lproj/Main.storyboard; sourceTree = "<group>"; };
		ABF63DF4231E14F500E425BB /* Assets.xcassets */ = {isa = PBXFileReference; lastKnownFileType = folder.assetcatalog; path = Assets.xcassets; sourceTree = "<group>"; };
		ABF63DF7231E14F500E425BB /* Base */ = {isa = PBXFileReference; lastKnownFileType = file.storyboard; name = Base; path = Base.lproj/LaunchScreen.storyboard; sourceTree = "<group>"; };
		ABF63DF9231E14F500E425BB /* Info.plist */ = {isa = PBXFileReference; lastKnownFileType = text.plist.xml; path = Info.plist; sourceTree = "<group>"; };
		ABF63E00231E14F500E425BB /* BuDeJieUITests.xctest */ = {isa = PBXFileReference; explicitFileType = wrapper.cfbundle; includeInIndex = 0; path = BuDeJieUITests.xctest; sourceTree = BUILT_PRODUCTS_DIR; };
		ABF63E04231E14F500E425BB /* BuDeJieUITests.m */ = {isa = PBXFileReference; lastKnownFileType = sourcecode.c.objc; path = BuDeJieUITests.m; sourceTree = "<group>"; };
		ABF63E06231E14F500E425BB /* Info.plist */ = {isa = PBXFileReference; lastKnownFileType = text.plist.xml; path = Info.plist; sourceTree = "<group>"; };
		ABF63E15231E57B200E425BB /* AppDelegate.h */ = {isa = PBXFileReference; fileEncoding = 4; lastKnownFileType = sourcecode.c.h; path = AppDelegate.h; sourceTree = "<group>"; };
		ABF63E16231E57B200E425BB /* main.m */ = {isa = PBXFileReference; fileEncoding = 4; lastKnownFileType = sourcecode.c.objc; path = main.m; sourceTree = "<group>"; };
		ABF63E17231E57B200E425BB /* AppDelegate.m */ = {isa = PBXFileReference; fileEncoding = 4; lastKnownFileType = sourcecode.c.objc; path = AppDelegate.m; sourceTree = "<group>"; };
		ABF63E2A231E587B00E425BB /* XMGEssenceViewController.h */ = {isa = PBXFileReference; lastKnownFileType = sourcecode.c.h; path = XMGEssenceViewController.h; sourceTree = "<group>"; };
		ABF63E2B231E587B00E425BB /* XMGEssenceViewController.m */ = {isa = PBXFileReference; lastKnownFileType = sourcecode.c.objc; path = XMGEssenceViewController.m; sourceTree = "<group>"; };
		ABF63E2D231E58DF00E425BB /* XMGFriendTrendViewController.h */ = {isa = PBXFileReference; lastKnownFileType = sourcecode.c.h; path = XMGFriendTrendViewController.h; sourceTree = "<group>"; };
		ABF63E2E231E58DF00E425BB /* XMGFriendTrendViewController.m */ = {isa = PBXFileReference; lastKnownFileType = sourcecode.c.objc; path = XMGFriendTrendViewController.m; sourceTree = "<group>"; };
		ABF63E30231E591200E425BB /* XMGMeViewController.h */ = {isa = PBXFileReference; lastKnownFileType = sourcecode.c.h; path = XMGMeViewController.h; sourceTree = "<group>"; };
		ABF63E31231E591200E425BB /* XMGMeViewController.m */ = {isa = PBXFileReference; lastKnownFileType = sourcecode.c.objc; path = XMGMeViewController.m; sourceTree = "<group>"; };
		ABF63E33231E593C00E425BB /* XMGNewViewController.h */ = {isa = PBXFileReference; lastKnownFileType = sourcecode.c.h; path = XMGNewViewController.h; sourceTree = "<group>"; };
		ABF63E34231E593C00E425BB /* XMGNewViewController.m */ = {isa = PBXFileReference; lastKnownFileType = sourcecode.c.objc; path = XMGNewViewController.m; sourceTree = "<group>"; };
		ABF63E36231E596200E425BB /* XMGPublishViewController.h */ = {isa = PBXFileReference; lastKnownFileType = sourcecode.c.h; path = XMGPublishViewController.h; sourceTree = "<group>"; };
		ABF63E37231E596200E425BB /* XMGPublishViewController.m */ = {isa = PBXFileReference; lastKnownFileType = sourcecode.c.objc; path = XMGPublishViewController.m; sourceTree = "<group>"; };
		ABF63E3B231E8AEA00E425BB /* XMGTabBarController.h */ = {isa = PBXFileReference; fileEncoding = 4; lastKnownFileType = sourcecode.c.h; path = XMGTabBarController.h; sourceTree = "<group>"; };
		ABF63E3C231E8AEA00E425BB /* XMGTabBarController.m */ = {isa = PBXFileReference; fileEncoding = 4; lastKnownFileType = sourcecode.c.objc; path = XMGTabBarController.m; sourceTree = "<group>"; };
		ABF63E41231E912500E425BB /* UIImage+Image.h */ = {isa = PBXFileReference; lastKnownFileType = sourcecode.c.h; path = "UIImage+Image.h"; sourceTree = "<group>"; };
		ABF63E42231E912500E425BB /* UIImage+Image.m */ = {isa = PBXFileReference; lastKnownFileType = sourcecode.c.objc; path = "UIImage+Image.m"; sourceTree = "<group>"; };
/* End PBXFileReference section */

/* Begin PBXFrameworksBuildPhase section */
		ABF63DE5231E14F400E425BB /* Frameworks */ = {
			isa = PBXFrameworksBuildPhase;
			buildActionMask = 2147483647;
			files = (
			);
			runOnlyForDeploymentPostprocessing = 0;
		};
		ABF63DFD231E14F500E425BB /* Frameworks */ = {
			isa = PBXFrameworksBuildPhase;
			buildActionMask = 2147483647;
			files = (
			);
			runOnlyForDeploymentPostprocessing = 0;
		};
/* End PBXFrameworksBuildPhase section */

/* Begin PBXGroup section */
		ABF63DDF231E14F400E425BB = {
			isa = PBXGroup;
			children = (
				ABF63DEA231E14F400E425BB /* BuDeJie */,
				ABF63E03231E14F500E425BB /* BuDeJieUITests */,
				ABF63DE9231E14F400E425BB /* Products */,
			);
			sourceTree = "<group>";
		};
		ABF63DE9231E14F400E425BB /* Products */ = {
			isa = PBXGroup;
			children = (
				ABF63DE8231E14F400E425BB /* BuDeJie.app */,
				ABF63E00231E14F500E425BB /* BuDeJieUITests.xctest */,
			);
			name = Products;
			sourceTree = "<group>";
		};
		ABF63DEA231E14F400E425BB /* BuDeJie */ = {
			isa = PBXGroup;
			children = (
				ABF63E0F231E57B200E425BB /* Classes */,
				ABF63DF1231E14F400E425BB /* Main.storyboard */,
				ABF63DF4231E14F500E425BB /* Assets.xcassets */,
				ABF63DF6231E14F500E425BB /* LaunchScreen.storyboard */,
				ABF63DF9231E14F500E425BB /* Info.plist */,
			);
			path = BuDeJie;
			sourceTree = "<group>";
		};
		ABF63E03231E14F500E425BB /* BuDeJieUITests */ = {
			isa = PBXGroup;
			children = (
				ABF63E04231E14F500E425BB /* BuDeJieUITests.m */,
				ABF63E06231E14F500E425BB /* Info.plist */,
			);
			path = BuDeJieUITests;
			sourceTree = "<group>";
		};
		ABF63E0F231E57B200E425BB /* Classes */ = {
			isa = PBXGroup;
			children = (
				ABF63E39231E8AEA00E425BB /* Main(主要) */,
				ABF63E10231E57B200E425BB /* Essence(精华) */,
				ABF63E1C231E57B200E425BB /* FriendTrend(关注) */,
				ABF63E20231E57B200E425BB /* Me(我) */,
				ABF63E18231E57B200E425BB /* New(新帖) */,
				ABF63E24231E57B200E425BB /* Publish(发布) */,
				ABF63E14231E57B200E425BB /* Other */,
			);
			path = Classes;
			sourceTree = "<group>";
		};
		ABF63E10231E57B200E425BB /* Essence(精华) */ = {
			isa = PBXGroup;
			children = (
				ABF63E11231E57B200E425BB /* Controller */,
				ABF63E12231E57B200E425BB /* Model */,
				ABF63E13231E57B200E425BB /* View */,
			);
			path = "Essence(精华)";
			sourceTree = "<group>";
		};
		ABF63E11231E57B200E425BB /* Controller */ = {
			isa = PBXGroup;
			children = (
				ABF63E2A231E587B00E425BB /* XMGEssenceViewController.h */,
				ABF63E2B231E587B00E425BB /* XMGEssenceViewController.m */,
			);
			path = Controller;
			sourceTree = "<group>";
		};
		ABF63E12231E57B200E425BB /* Model */ = {
			isa = PBXGroup;
			children = (
			);
			path = Model;
			sourceTree = "<group>";
		};
		ABF63E13231E57B200E425BB /* View */ = {
			isa = PBXGroup;
			children = (
			);
			path = View;
			sourceTree = "<group>";
		};
		ABF63E14231E57B200E425BB /* Other */ = {
			isa = PBXGroup;
			children = (
				ABF63E40231E8FCA00E425BB /* Category */,
				ABF63E15231E57B200E425BB /* AppDelegate.h */,
				ABF63E17231E57B200E425BB /* AppDelegate.m */,
				ABF63E16231E57B200E425BB /* main.m */,
			);
			path = Other;
			sourceTree = "<group>";
		};
		ABF63E18231E57B200E425BB /* New(新帖) */ = {
			isa = PBXGroup;
			children = (
				ABF63E19231E57B200E425BB /* Controller */,
				ABF63E1A231E57B200E425BB /* Model */,
				ABF63E1B231E57B200E425BB /* View */,
			);
			path = "New(新帖)";
			sourceTree = "<group>";
		};
		ABF63E19231E57B200E425BB /* Controller */ = {
			isa = PBXGroup;
			children = (
				ABF63E33231E593C00E425BB /* XMGNewViewController.h */,
				ABF63E34231E593C00E425BB /* XMGNewViewController.m */,
			);
			path = Controller;
			sourceTree = "<group>";
		};
		ABF63E1A231E57B200E425BB /* Model */ = {
			isa = PBXGroup;
			children = (
			);
			path = Model;
			sourceTree = "<group>";
		};
		ABF63E1B231E57B200E425BB /* View */ = {
			isa = PBXGroup;
			children = (
			);
			path = View;
			sourceTree = "<group>";
		};
		ABF63E1C231E57B200E425BB /* FriendTrend(关注) */ = {
			isa = PBXGroup;
			children = (
				ABF63E1D231E57B200E425BB /* Controller */,
				ABF63E1E231E57B200E425BB /* Model */,
				ABF63E1F231E57B200E425BB /* View */,
			);
			path = "FriendTrend(关注)";
			sourceTree = "<group>";
		};
		ABF63E1D231E57B200E425BB /* Controller */ = {
			isa = PBXGroup;
			children = (
				ABF63E2D231E58DF00E425BB /* XMGFriendTrendViewController.h */,
				ABF63E2E231E58DF00E425BB /* XMGFriendTrendViewController.m */,
			);
			path = Controller;
			sourceTree = "<group>";
		};
		ABF63E1E231E57B200E425BB /* Model */ = {
			isa = PBXGroup;
			children = (
			);
			path = Model;
			sourceTree = "<group>";
		};
		ABF63E1F231E57B200E425BB /* View */ = {
			isa = PBXGroup;
			children = (
			);
			path = View;
			sourceTree = "<group>";
		};
		ABF63E20231E57B200E425BB /* Me(我) */ = {
			isa = PBXGroup;
			children = (
				ABF63E21231E57B200E425BB /* Controller */,
				ABF63E22231E57B200E425BB /* Model */,
				ABF63E23231E57B200E425BB /* View */,
			);
			path = "Me(我)";
			sourceTree = "<group>";
		};
		ABF63E21231E57B200E425BB /* Controller */ = {
			isa = PBXGroup;
			children = (
				ABF63E30231E591200E425BB /* XMGMeViewController.h */,
				ABF63E31231E591200E425BB /* XMGMeViewController.m */,
			);
			path = Controller;
			sourceTree = "<group>";
		};
		ABF63E22231E57B200E425BB /* Model */ = {
			isa = PBXGroup;
			children = (
			);
			path = Model;
			sourceTree = "<group>";
		};
		ABF63E23231E57B200E425BB /* View */ = {
			isa = PBXGroup;
			children = (
			);
			path = View;
			sourceTree = "<group>";
		};
		ABF63E24231E57B200E425BB /* Publish(发布) */ = {
			isa = PBXGroup;
			children = (
				ABF63E25231E57B200E425BB /* Controller */,
				ABF63E26231E57B200E425BB /* Model */,
				ABF63E27231E57B200E425BB /* View */,
			);
			path = "Publish(发布)";
			sourceTree = "<group>";
		};
		ABF63E25231E57B200E425BB /* Controller */ = {
			isa = PBXGroup;
			children = (
				ABF63E36231E596200E425BB /* XMGPublishViewController.h */,
				ABF63E37231E596200E425BB /* XMGPublishViewController.m */,
			);
			path = Controller;
			sourceTree = "<group>";
		};
		ABF63E26231E57B200E425BB /* Model */ = {
			isa = PBXGroup;
			children = (
			);
			path = Model;
			sourceTree = "<group>";
		};
		ABF63E27231E57B200E425BB /* View */ = {
			isa = PBXGroup;
			children = (
			);
			path = View;
			sourceTree = "<group>";
		};
		ABF63E39231E8AEA00E425BB /* Main(主要) */ = {
			isa = PBXGroup;
			children = (
				ABF63E3A231E8AEA00E425BB /* Controller */,
				ABF63E3D231E8AEA00E425BB /* Model */,
				ABF63E3E231E8AEA00E425BB /* View */,
			);
			path = "Main(主要)";
			sourceTree = "<group>";
		};
		ABF63E3A231E8AEA00E425BB /* Controller */ = {
			isa = PBXGroup;
			children = (
				ABF63E3B231E8AEA00E425BB /* XMGTabBarController.h */,
				ABF63E3C231E8AEA00E425BB /* XMGTabBarController.m */,
			);
			path = Controller;
			sourceTree = "<group>";
		};
		ABF63E3D231E8AEA00E425BB /* Model */ = {
			isa = PBXGroup;
			children = (
			);
			path = Model;
			sourceTree = "<group>";
		};
		ABF63E3E231E8AEA00E425BB /* View */ = {
			isa = PBXGroup;
			children = (
			);
			path = View;
			sourceTree = "<group>";
		};
		ABF63E40231E8FCA00E425BB /* Category */ = {
			isa = PBXGroup;
			children = (
				ABF63E41231E912500E425BB /* UIImage+Image.h */,
				ABF63E42231E912500E425BB /* UIImage+Image.m */,
			);
			path = Category;
			sourceTree = "<group>";
		};
/* End PBXGroup section */

/* Begin PBXNativeTarget section */
		ABF63DE7231E14F400E425BB /* BuDeJie */ = {
			isa = PBXNativeTarget;
			buildConfigurationList = ABF63E09231E14F500E425BB /* Build configuration list for PBXNativeTarget "BuDeJie" */;
			buildPhases = (
				ABF63DE4231E14F400E425BB /* Sources */,
				ABF63DE5231E14F400E425BB /* Frameworks */,
				ABF63DE6231E14F400E425BB /* Resources */,
			);
			buildRules = (
			);
			dependencies = (
			);
			name = BuDeJie;
			productName = BuDeJie;
			productReference = ABF63DE8231E14F400E425BB /* BuDeJie.app */;
			productType = "com.apple.product-type.application";
		};
		ABF63DFF231E14F500E425BB /* BuDeJieUITests */ = {
			isa = PBXNativeTarget;
			buildConfigurationList = ABF63E0C231E14F500E425BB /* Build configuration list for PBXNativeTarget "BuDeJieUITests" */;
			buildPhases = (
				ABF63DFC231E14F500E425BB /* Sources */,
				ABF63DFD231E14F500E425BB /* Frameworks */,
				ABF63DFE231E14F500E425BB /* Resources */,
			);
			buildRules = (
			);
			dependencies = (
				ABF63E02231E14F500E425BB /* PBXTargetDependency */,
			);
			name = BuDeJieUITests;
			productName = BuDeJieUITests;
			productReference = ABF63E00231E14F500E425BB /* BuDeJieUITests.xctest */;
			productType = "com.apple.product-type.bundle.ui-testing";
		};
/* End PBXNativeTarget section */

/* Begin PBXProject section */
		ABF63DE0231E14F400E425BB /* Project object */ = {
			isa = PBXProject;
			attributes = {
				CLASSPREFIX = XMG;
				LastUpgradeCheck = 1020;
				ORGANIZATIONNAME = xiaomage;
				TargetAttributes = {
					ABF63DE7231E14F400E425BB = {
						CreatedOnToolsVersion = 10.2.1;
					};
					ABF63DFF231E14F500E425BB = {
						CreatedOnToolsVersion = 10.2.1;
						TestTargetID = ABF63DE7231E14F400E425BB;
					};
				};
			};
			buildConfigurationList = ABF63DE3231E14F400E425BB /* Build configuration list for PBXProject "BuDeJie" */;
			compatibilityVersion = "Xcode 9.3";
			developmentRegion = en;
			hasScannedForEncodings = 0;
			knownRegions = (
				en,
				Base,
			);
			mainGroup = ABF63DDF231E14F400E425BB;
			productRefGroup = ABF63DE9231E14F400E425BB /* Products */;
			projectDirPath = "";
			projectRoot = "";
			targets = (
				ABF63DE7231E14F400E425BB /* BuDeJie */,
				ABF63DFF231E14F500E425BB /* BuDeJieUITests */,
			);
		};
/* End PBXProject section */

/* Begin PBXResourcesBuildPhase section */
		ABF63DE6231E14F400E425BB /* Resources */ = {
			isa = PBXResourcesBuildPhase;
			buildActionMask = 2147483647;
			files = (
				ABF63DF8231E14F500E425BB /* LaunchScreen.storyboard in Resources */,
				ABF63DF5231E14F500E425BB /* Assets.xcassets in Resources */,
				ABF63DF3231E14F400E425BB /* Main.storyboard in Resources */,
			);
			runOnlyForDeploymentPostprocessing = 0;
		};
		ABF63DFE231E14F500E425BB /* Resources */ = {
			isa = PBXResourcesBuildPhase;
			buildActionMask = 2147483647;
			files = (
			);
			runOnlyForDeploymentPostprocessing = 0;
		};
/* End PBXResourcesBuildPhase section */

/* Begin PBXSourcesBuildPhase section */
		ABF63DE4231E14F400E425BB /* Sources */ = {
			isa = PBXSourcesBuildPhase;
			buildActionMask = 2147483647;
			files = (
				ABF63E32231E591200E425BB /* XMGMeViewController.m in Sources */,
				ABF63E2C231E587B00E425BB /* XMGEssenceViewController.m in Sources */,
				ABF63E38231E596200E425BB /* XMGPublishViewController.m in Sources */,
				ABF63E43231E912500E425BB /* UIImage+Image.m in Sources */,
				ABF63E35231E593C00E425BB /* XMGNewViewController.m in Sources */,
				ABF63E3F231E8AEA00E425BB /* XMGTabBarController.m in Sources */,
				ABF63E2F231E58DF00E425BB /* XMGFriendTrendViewController.m in Sources */,
				ABF63E28231E57B300E425BB /* main.m in Sources */,
				ABF63E29231E57B300E425BB /* AppDelegate.m in Sources */,
			);
			runOnlyForDeploymentPostprocessing = 0;
		};
		ABF63DFC231E14F500E425BB /* Sources */ = {
			isa = PBXSourcesBuildPhase;
			buildActionMask = 2147483647;
			files = (
				ABF63E05231E14F500E425BB /* BuDeJieUITests.m in Sources */,
			);
			runOnlyForDeploymentPostprocessing = 0;
		};
/* End PBXSourcesBuildPhase section */

/* Begin PBXTargetDependency section */
		ABF63E02231E14F500E425BB /* PBXTargetDependency */ = {
			isa = PBXTargetDependency;
			target = ABF63DE7231E14F400E425BB /* BuDeJie */;
			targetProxy = ABF63E01231E14F500E425BB /* PBXContainerItemProxy */;
		};
/* End PBXTargetDependency section */

/* Begin PBXVariantGroup section */
		ABF63DF1231E14F400E425BB /* Main.storyboard */ = {
			isa = PBXVariantGroup;
			children = (
				ABF63DF2231E14F400E425BB /* Base */,
			);
			name = Main.storyboard;
			sourceTree = "<group>";
		};
		ABF63DF6231E14F500E425BB /* LaunchScreen.storyboard */ = {
			isa = PBXVariantGroup;
			children = (
				ABF63DF7231E14F500E425BB /* Base */,
			);
			name = LaunchScreen.storyboard;
			sourceTree = "<group>";
		};
/* End PBXVariantGroup section */

/* Begin XCBuildConfiguration section */
		ABF63E07231E14F500E425BB /* Debug */ = {
			isa = XCBuildConfiguration;
			buildSettings = {
				ALWAYS_SEARCH_USER_PATHS = NO;
				CLANG_ANALYZER_NONNULL = YES;
				CLANG_ANALYZER_NUMBER_OBJECT_CONVERSION = YES_AGGRESSIVE;
				CLANG_CXX_LANGUAGE_STANDARD = "gnu++14";
				CLANG_CXX_LIBRARY = "libc++";
				CLANG_ENABLE_MODULES = YES;
				CLANG_ENABLE_OBJC_ARC = YES;
				CLANG_ENABLE_OBJC_WEAK = YES;
				CLANG_WARN_BLOCK_CAPTURE_AUTORELEASING = YES;
				CLANG_WARN_BOOL_CONVERSION = YES;
				CLANG_WARN_COMMA = YES;
				CLANG_WARN_CONSTANT_CONVERSION = YES;
				CLANG_WARN_DEPRECATED_OBJC_IMPLEMENTATIONS = YES;
				CLANG_WARN_DIRECT_OBJC_ISA_USAGE = YES_ERROR;
				CLANG_WARN_DOCUMENTATION_COMMENTS = YES;
				CLANG_WARN_EMPTY_BODY = YES;
				CLANG_WARN_ENUM_CONVERSION = YES;
				CLANG_WARN_INFINITE_RECURSION = YES;
				CLANG_WARN_INT_CONVERSION = YES;
				CLANG_WARN_NON_LITERAL_NULL_CONVERSION = YES;
				CLANG_WARN_OBJC_IMPLICIT_RETAIN_SELF = YES;
				CLANG_WARN_OBJC_LITERAL_CONVERSION = YES;
				CLANG_WARN_OBJC_ROOT_CLASS = YES_ERROR;
				CLANG_WARN_RANGE_LOOP_ANALYSIS = YES;
				CLANG_WARN_STRICT_PROTOTYPES = YES;
				CLANG_WARN_SUSPICIOUS_MOVE = YES;
				CLANG_WARN_UNGUARDED_AVAILABILITY = YES_AGGRESSIVE;
				CLANG_WARN_UNREACHABLE_CODE = YES;
				CLANG_WARN__DUPLICATE_METHOD_MATCH = YES;
				CODE_SIGN_IDENTITY = "iPhone Developer";
				COPY_PHASE_STRIP = NO;
				DEBUG_INFORMATION_FORMAT = dwarf;
				ENABLE_STRICT_OBJC_MSGSEND = YES;
				ENABLE_TESTABILITY = YES;
				GCC_C_LANGUAGE_STANDARD = gnu11;
				GCC_DYNAMIC_NO_PIC = NO;
				GCC_NO_COMMON_BLOCKS = YES;
				GCC_OPTIMIZATION_LEVEL = 0;
				GCC_PREPROCESSOR_DEFINITIONS = (
					"DEBUG=1",
					"$(inherited)",
				);
				GCC_WARN_64_TO_32_BIT_CONVERSION = YES;
				GCC_WARN_ABOUT_RETURN_TYPE = YES_ERROR;
				GCC_WARN_UNDECLARED_SELECTOR = YES;
				GCC_WARN_UNINITIALIZED_AUTOS = YES_AGGRESSIVE;
				GCC_WARN_UNUSED_FUNCTION = YES;
				GCC_WARN_UNUSED_VARIABLE = YES;
				IPHONEOS_DEPLOYMENT_TARGET = 12.2;
				MTL_ENABLE_DEBUG_INFO = INCLUDE_SOURCE;
				MTL_FAST_MATH = YES;
				ONLY_ACTIVE_ARCH = YES;
				SDKROOT = iphoneos;
			};
			name = Debug;
		};
		ABF63E08231E14F500E425BB /* Release */ = {
			isa = XCBuildConfiguration;
			buildSettings = {
				ALWAYS_SEARCH_USER_PATHS = NO;
				CLANG_ANALYZER_NONNULL = YES;
				CLANG_ANALYZER_NUMBER_OBJECT_CONVERSION = YES_AGGRESSIVE;
				CLANG_CXX_LANGUAGE_STANDARD = "gnu++14";
				CLANG_CXX_LIBRARY = "libc++";
				CLANG_ENABLE_MODULES = YES;
				CLANG_ENABLE_OBJC_ARC = YES;
				CLANG_ENABLE_OBJC_WEAK = YES;
				CLANG_WARN_BLOCK_CAPTURE_AUTORELEASING = YES;
				CLANG_WARN_BOOL_CONVERSION = YES;
				CLANG_WARN_COMMA = YES;
				CLANG_WARN_CONSTANT_CONVERSION = YES;
				CLANG_WARN_DEPRECATED_OBJC_IMPLEMENTATIONS = YES;
				CLANG_WARN_DIRECT_OBJC_ISA_USAGE = YES_ERROR;
				CLANG_WARN_DOCUMENTATION_COMMENTS = YES;
				CLANG_WARN_EMPTY_BODY = YES;
				CLANG_WARN_ENUM_CONVERSION = YES;
				CLANG_WARN_INFINITE_RECURSION = YES;
				CLANG_WARN_INT_CONVERSION = YES;
				CLANG_WARN_NON_LITERAL_NULL_CONVERSION = YES;
				CLANG_WARN_OBJC_IMPLICIT_RETAIN_SELF = YES;
				CLANG_WARN_OBJC_LITERAL_CONVERSION = YES;
				CLANG_WARN_OBJC_ROOT_CLASS = YES_ERROR;
				CLANG_WARN_RANGE_LOOP_ANALYSIS = YES;
				CLANG_WARN_STRICT_PROTOTYPES = YES;
				CLANG_WARN_SUSPICIOUS_MOVE = YES;
				CLANG_WARN_UNGUARDED_AVAILABILITY = YES_AGGRESSIVE;
				CLANG_WARN_UNREACHABLE_CODE = YES;
				CLANG_WARN__DUPLICATE_METHOD_MATCH = YES;
				CODE_SIGN_IDENTITY = "iPhone Developer";
				COPY_PHASE_STRIP = NO;
				DEBUG_INFORMATION_FORMAT = "dwarf-with-dsym";
				ENABLE_NS_ASSERTIONS = NO;
				ENABLE_STRICT_OBJC_MSGSEND = YES;
				GCC_C_LANGUAGE_STANDARD = gnu11;
				GCC_NO_COMMON_BLOCKS = YES;
				GCC_WARN_64_TO_32_BIT_CONVERSION = YES;
				GCC_WARN_ABOUT_RETURN_TYPE = YES_ERROR;
				GCC_WARN_UNDECLARED_SELECTOR = YES;
				GCC_WARN_UNINITIALIZED_AUTOS = YES_AGGRESSIVE;
				GCC_WARN_UNUSED_FUNCTION = YES;
				GCC_WARN_UNUSED_VARIABLE = YES;
				IPHONEOS_DEPLOYMENT_TARGET = 12.2;
				MTL_ENABLE_DEBUG_INFO = NO;
				MTL_FAST_MATH = YES;
				SDKROOT = iphoneos;
				VALIDATE_PRODUCT = YES;
			};
			name = Release;
		};
		ABF63E0A231E14F500E425BB /* Debug */ = {
			isa = XCBuildConfiguration;
			buildSettings = {
				ASSETCATALOG_COMPILER_APPICON_NAME = AppIcon;
				ASSETCATALOG_COMPILER_LAUNCHIMAGE_NAME = LaunchImage;
				CODE_SIGN_STYLE = Automatic;
				INFOPLIST_FILE = BuDeJie/Info.plist;
				LD_RUNPATH_SEARCH_PATHS = (
					"$(inherited)",
					"@executable_path/Frameworks",
				);
				PRODUCT_BUNDLE_IDENTIFIER = com.520it.BuDeJie;
				PRODUCT_NAME = "$(TARGET_NAME)";
				TARGETED_DEVICE_FAMILY = "1,2";
			};
			name = Debug;
		};
		ABF63E0B231E14F500E425BB /* Release */ = {
			isa = XCBuildConfiguration;
			buildSettings = {
				ASSETCATALOG_COMPILER_APPICON_NAME = AppIcon;
				ASSETCATALOG_COMPILER_LAUNCHIMAGE_NAME = LaunchImage;
				CODE_SIGN_STYLE = Automatic;
				INFOPLIST_FILE = BuDeJie/Info.plist;
				LD_RUNPATH_SEARCH_PATHS = (
					"$(inherited)",
					"@executable_path/Frameworks",
				);
				PRODUCT_BUNDLE_IDENTIFIER = com.520it.BuDeJie;
				PRODUCT_NAME = "$(TARGET_NAME)";
				TARGETED_DEVICE_FAMILY = "1,2";
			};
			name = Release;
		};
		ABF63E0D231E14F500E425BB /* Debug */ = {
			isa = XCBuildConfiguration;
			buildSettings = {
				CODE_SIGN_STYLE = Automatic;
				INFOPLIST_FILE = BuDeJieUITests/Info.plist;
				LD_RUNPATH_SEARCH_PATHS = (
					"$(inherited)",
					"@executable_path/Frameworks",
					"@loader_path/Frameworks",
				);
				PRODUCT_BUNDLE_IDENTIFIER = com.520it.BuDeJieUITests;
				PRODUCT_NAME = "$(TARGET_NAME)";
				TARGETED_DEVICE_FAMILY = "1,2";
				TEST_TARGET_NAME = BuDeJie;
			};
			name = Debug;
		};
		ABF63E0E231E14F500E425BB /* Release */ = {
			isa = XCBuildConfiguration;
			buildSettings = {
				CODE_SIGN_STYLE = Automatic;
				INFOPLIST_FILE = BuDeJieUITests/Info.plist;
				LD_RUNPATH_SEARCH_PATHS = (
					"$(inherited)",
					"@executable_path/Frameworks",
					"@loader_path/Frameworks",
				);
				PRODUCT_BUNDLE_IDENTIFIER = com.520it.BuDeJieUITests;
				PRODUCT_NAME = "$(TARGET_NAME)";
				TARGETED_DEVICE_FAMILY = "1,2";
				TEST_TARGET_NAME = BuDeJie;
			};
			name = Release;
		};
/* End XCBuildConfiguration section */

/* Begin XCConfigurationList section */
		ABF63DE3231E14F400E425BB /* Build configuration list for PBXProject "BuDeJie" */ = {
			isa = XCConfigurationList;
			buildConfigurations = (
				ABF63E07231E14F500E425BB /* Debug */,
				ABF63E08231E14F500E425BB /* Release */,
			);
			defaultConfigurationIsVisible = 0;
			defaultConfigurationName = Release;
		};
		ABF63E09231E14F500E425BB /* Build configuration list for PBXNativeTarget "BuDeJie" */ = {
			isa = XCConfigurationList;
			buildConfigurations = (
				ABF63E0A231E14F500E425BB /* Debug */,
				ABF63E0B231E14F500E425BB /* Release */,
			);
			defaultConfigurationIsVisible = 0;
			defaultConfigurationName = Release;
		};
		ABF63E0C231E14F500E425BB /* Build configuration list for PBXNativeTarget "BuDeJieUITests" */ = {
			isa = XCConfigurationList;
			buildConfigurations = (
				ABF63E0D231E14F500E425BB /* Debug */,
				ABF63E0E231E14F500E425BB /* Release */,
			);
			defaultConfigurationIsVisible = 0;
			defaultConfigurationName = Release;
		};
/* End XCConfigurationList section */
	};
	rootObject = ABF63DE0231E14F400E425BB /* Project object */;
}
