// !$*UTF8*$!
{
	archiveVersion = 1;
	classes = {
	};
	objectVersion = 51;
	objects = {

/* Begin PBXBuildFile section */
		238382FF42BB638EBC383B36 /* libPods-BuDeJie.a in Frameworks */ = {isa = PBXBuildFile; fileRef = 82375D6CDEE63F611B787754 /* libPods-BuDeJie.a */; };
		AB071F43232382450023F9E8 /* XMGFriendTrendViewController.xib in Resources */ = {isa = PBXBuildFile; fileRef = AB071F42232382450023F9E8 /* XMGFriendTrendViewController.xib */; };
		AB071F46232394C50023F9E8 /* XMGLoginRegisterViewController.m in Sources */ = {isa = PBXBuildFile; fileRef = AB071F45232394C50023F9E8 /* XMGLoginRegisterViewController.m */; };
		AB071F48232395EB0023F9E8 /* XMGLoginRegisterViewController.xib in Resources */ = {isa = PBXBuildFile; fileRef = AB071F47232395EB0023F9E8 /* XMGLoginRegisterViewController.xib */; };
		AB071F4E23239CE10023F9E8 /* XMGLoginRegisterView.m in Sources */ = {isa = PBXBuildFile; fileRef = AB071F4D23239CE10023F9E8 /* XMGLoginRegisterView.m */; };
		AB071F5023239CF10023F9E8 /* XMGLoginRegisterView.xib in Resources */ = {isa = PBXBuildFile; fileRef = AB071F4F23239CF10023F9E8 /* XMGLoginRegisterView.xib */; };
		AB167B42232484A0000FBFC8 /* XMGFastLoginView.m in Sources */ = {isa = PBXBuildFile; fileRef = AB167B3D2324849E000FBFC8 /* XMGFastLoginView.m */; };
		AB167B43232484A0000FBFC8 /* XMGFastLoginView.xib in Resources */ = {isa = PBXBuildFile; fileRef = AB167B40232484A0000FBFC8 /* XMGFastLoginView.xib */; };
		AB167B44232484A0000FBFC8 /* XMGFastButton.m in Sources */ = {isa = PBXBuildFile; fileRef = AB167B41232484A0000FBFC8 /* XMGFastButton.m */; };
		AB167B472324FAF2000FBFC8 /* XMGLoginField.m in Sources */ = {isa = PBXBuildFile; fileRef = AB167B462324FAF2000FBFC8 /* XMGLoginField.m */; };
		AB339BF723209448009BD276 /* XMGAdViewController.m in Sources */ = {isa = PBXBuildFile; fileRef = AB339BF623209448009BD276 /* XMGAdViewController.m */; };
		AB339BF92320962A009BD276 /* XMGAdViewController.xib in Resources */ = {isa = PBXBuildFile; fileRef = AB339BF82320962A009BD276 /* XMGAdViewController.xib */; };
		AB339C0223209DE8009BD276 /* LaunchImage@2x.png in Resources */ = {isa = PBXBuildFile; fileRef = AB339BFB23209DE8009BD276 /* LaunchImage@2x.png */; };
		AB339C0323209DE8009BD276 /* LaunchImage-568h@2x.png in Resources */ = {isa = PBXBuildFile; fileRef = AB339BFC23209DE8009BD276 /* LaunchImage-568h@2x.png */; };
		AB339C0423209DE8009BD276 /* LaunchImage-800-667h@2x.png in Resources */ = {isa = PBXBuildFile; fileRef = AB339BFD23209DE8009BD276 /* LaunchImage-800-667h@2x.png */; };
		AB339C0523209DE8009BD276 /* LaunchImage-800-Portrait-736h@3x.png in Resources */ = {isa = PBXBuildFile; fileRef = AB339BFE23209DE8009BD276 /* LaunchImage-800-Portrait-736h@3x.png */; };
		AB339C0623209DE8009BD276 /* LaunchImage-700@2x.png in Resources */ = {isa = PBXBuildFile; fileRef = AB339BFF23209DE8009BD276 /* LaunchImage-700@2x.png */; };
		AB339C0723209DE8009BD276 /* LaunchImage-700-568h@2x.png in Resources */ = {isa = PBXBuildFile; fileRef = AB339C0023209DE8009BD276 /* LaunchImage-700-568h@2x.png */; };
		AB339C0823209DE8009BD276 /* LaunchImage.png in Resources */ = {isa = PBXBuildFile; fileRef = AB339C0123209DE8009BD276 /* LaunchImage.png */; };
		AB735D37232B987C005604A9 /* XMGTitleButton.m in Sources */ = {isa = PBXBuildFile; fileRef = AB735D32232B987B005604A9 /* XMGTitleButton.m */; };
		AB735D41232B9A33005604A9 /* XMGTopicCell.m in Sources */ = {isa = PBXBuildFile; fileRef = AB735D3F232B9A33005604A9 /* XMGTopicCell.m */; };
		AB842646232103520098CC9C /* XMGADItem.m in Sources */ = {isa = PBXBuildFile; fileRef = AB842645232103520098CC9C /* XMGADItem.m */; };
		AB842649232202520098CC9C /* XMGSubTagViewController.m in Sources */ = {isa = PBXBuildFile; fileRef = AB842648232202520098CC9C /* XMGSubTagViewController.m */; };
		AB84264C23224F650098CC9C /* XMGSubTagItem.m in Sources */ = {isa = PBXBuildFile; fileRef = AB84264B23224F650098CC9C /* XMGSubTagItem.m */; };
		AB84265023225C600098CC9C /* XMGSubTagCell.m in Sources */ = {isa = PBXBuildFile; fileRef = AB84264E23225C600098CC9C /* XMGSubTagCell.m */; };
		AB84265123225C600098CC9C /* XMGSubTagCell.xib in Resources */ = {isa = PBXBuildFile; fileRef = AB84264F23225C600098CC9C /* XMGSubTagCell.xib */; };
		ABB08C05231F350F00410F9E /* XMGTabBar.m in Sources */ = {isa = PBXBuildFile; fileRef = ABB08C04231F350F00410F9E /* XMGTabBar.m */; };
		ABB08C12231FE2F100410F9E /* XMGNavigationViewController.m in Sources */ = {isa = PBXBuildFile; fileRef = ABB08C11231FE2F100410F9E /* XMGNavigationViewController.m */; };
		ABB6B84A2327822A00B153F4 /* XMGVideoViewController.m in Sources */ = {isa = PBXBuildFile; fileRef = ABB6B8432327822900B153F4 /* XMGVideoViewController.m */; };
		ABB6B84B2327822A00B153F4 /* XMGAllViewController.m in Sources */ = {isa = PBXBuildFile; fileRef = ABB6B8462327822A00B153F4 /* XMGAllViewController.m */; };
		ABB6B84C2327822A00B153F4 /* XMGVoiceViewController.m in Sources */ = {isa = PBXBuildFile; fileRef = ABB6B8472327822A00B153F4 /* XMGVoiceViewController.m */; };
		ABB6B84D2327822A00B153F4 /* XMGWordViewController.m in Sources */ = {isa = PBXBuildFile; fileRef = ABB6B8482327822A00B153F4 /* XMGWordViewController.m */; };
		ABB6B84E2327822A00B153F4 /* XMGPictureViewController.m in Sources */ = {isa = PBXBuildFile; fileRef = ABB6B8492327822A00B153F4 /* XMGPictureViewController.m */; };
		ABB6B8512327AE7900B153F4 /* XMGConst.m in Sources */ = {isa = PBXBuildFile; fileRef = ABB6B84F2327AE7800B153F4 /* XMGConst.m */; };
		ABE4B2F32325CF410016463D /* XMGSquareCell.xib in Resources */ = {isa = PBXBuildFile; fileRef = ABE4B2E72325CF400016463D /* XMGSquareCell.xib */; };
		ABE4B2F42325CF410016463D /* XMGSquareCell.m in Sources */ = {isa = PBXBuildFile; fileRef = ABE4B2E82325CF400016463D /* XMGSquareCell.m */; };
		ABE4B2F52325CF410016463D /* XMGSquareItem.m in Sources */ = {isa = PBXBuildFile; fileRef = ABE4B2EB2325CF400016463D /* XMGSquareItem.m */; };
		ABE4B2F62325CF410016463D /* XMGMeViewController.storyboard in Resources */ = {isa = PBXBuildFile; fileRef = ABE4B2ED2325CF400016463D /* XMGMeViewController.storyboard */; };
		ABE4B2F72325CF410016463D /* XMGMeViewController.m in Sources */ = {isa = PBXBuildFile; fileRef = ABE4B2EE2325CF400016463D /* XMGMeViewController.m */; };
		ABE4B2F82325CF410016463D /* XMGWebViewController.m in Sources */ = {isa = PBXBuildFile; fileRef = ABE4B2EF2325CF400016463D /* XMGWebViewController.m */; };
		ABE4B2F92325CF410016463D /* XMGWebViewController.xib in Resources */ = {isa = PBXBuildFile; fileRef = ABE4B2F12325CF400016463D /* XMGWebViewController.xib */; };
		ABE4B30123264F530016463D /* XMGFileTool.m in Sources */ = {isa = PBXBuildFile; fileRef = ABE4B30023264F520016463D /* XMGFileTool.m */; };
		ABE4B30423264FBC0016463D /* XMGSettingViewController.m in Sources */ = {isa = PBXBuildFile; fileRef = ABE4B30323264FBC0016463D /* XMGSettingViewController.m */; };
		ABF63DF3231E14F400E425BB /* Main.storyboard in Resources */ = {isa = PBXBuildFile; fileRef = ABF63DF1231E14F400E425BB /* Main.storyboard */; };
		ABF63DF5231E14F500E425BB /* Assets.xcassets in Resources */ = {isa = PBXBuildFile; fileRef = ABF63DF4231E14F500E425BB /* Assets.xcassets */; };
		ABF63DF8231E14F500E425BB /* LaunchScreen.storyboard in Resources */ = {isa = PBXBuildFile; fileRef = ABF63DF6231E14F500E425BB /* LaunchScreen.storyboard */; };
		ABF63E05231E14F500E425BB /* BuDeJieUITests.m in Sources */ = {isa = PBXBuildFile; fileRef = ABF63E04231E14F500E425BB /* BuDeJieUITests.m */; };
		ABF63E28231E57B300E425BB /* main.m in Sources */ = {isa = PBXBuildFile; fileRef = ABF63E16231E57B200E425BB /* main.m */; };
		ABF63E29231E57B300E425BB /* AppDelegate.m in Sources */ = {isa = PBXBuildFile; fileRef = ABF63E17231E57B200E425BB /* AppDelegate.m */; };
		ABF63E2C231E587B00E425BB /* XMGEssenceViewController.m in Sources */ = {isa = PBXBuildFile; fileRef = ABF63E2B231E587B00E425BB /* XMGEssenceViewController.m */; };
		ABF63E2F231E58DF00E425BB /* XMGFriendTrendViewController.m in Sources */ = {isa = PBXBuildFile; fileRef = ABF63E2E231E58DF00E425BB /* XMGFriendTrendViewController.m */; };
		ABF63E35231E593C00E425BB /* XMGNewViewController.m in Sources */ = {isa = PBXBuildFile; fileRef = ABF63E34231E593C00E425BB /* XMGNewViewController.m */; };
		ABF63E38231E596200E425BB /* XMGPublishViewController.m in Sources */ = {isa = PBXBuildFile; fileRef = ABF63E37231E596200E425BB /* XMGPublishViewController.m */; };
		ABF63E3F231E8AEA00E425BB /* XMGTabBarController.m in Sources */ = {isa = PBXBuildFile; fileRef = ABF63E3C231E8AEA00E425BB /* XMGTabBarController.m */; };
		ABF72D62232CB3390070EF06 /* XMGTopicCell.xib in Resources */ = {isa = PBXBuildFile; fileRef = ABF72D61232CB3390070EF06 /* XMGTopicCell.xib */; };
		ABF72D6E232CCC8F0070EF06 /* XMGTopicVideoView.xib in Resources */ = {isa = PBXBuildFile; fileRef = ABF72D66232CCC8F0070EF06 /* XMGTopicVideoView.xib */; };
		ABF72D71232CCC8F0070EF06 /* XMGTopicVideoView.m in Sources */ = {isa = PBXBuildFile; fileRef = ABF72D6A232CCC8F0070EF06 /* XMGTopicVideoView.m */; };
		ABF72D75232CF0BE0070EF06 /* XMGTopicVoiceView.xib in Resources */ = {isa = PBXBuildFile; fileRef = ABF72D73232CF0BE0070EF06 /* XMGTopicVoiceView.xib */; };
		ABF72D76232CF0BE0070EF06 /* XMGTopicVoiceView.m in Sources */ = {isa = PBXBuildFile; fileRef = ABF72D74232CF0BE0070EF06 /* XMGTopicVoiceView.m */; };
		ABF72D79232CF1330070EF06 /* XMGTopic.m in Sources */ = {isa = PBXBuildFile; fileRef = ABF72D78232CF1330070EF06 /* XMGTopic.m */; };
		ABFACA23232DBF4800F52774 /* UITextField+Placeholder.m in Sources */ = {isa = PBXBuildFile; fileRef = ABFACA17232DBF4600F52774 /* UITextField+Placeholder.m */; };
		ABFACA24232DBF4800F52774 /* UIView+Frame.m in Sources */ = {isa = PBXBuildFile; fileRef = ABFACA18232DBF4700F52774 /* UIView+Frame.m */; };
		ABFACA25232DBF4800F52774 /* UIImageView+Download.m in Sources */ = {isa = PBXBuildFile; fileRef = ABFACA19232DBF4700F52774 /* UIImageView+Download.m */; };
		ABFACA26232DBF4800F52774 /* UIBarButtonItem+Item.m in Sources */ = {isa = PBXBuildFile; fileRef = ABFACA1A232DBF4700F52774 /* UIBarButtonItem+Item.m */; };
		ABFACA27232DBF4800F52774 /* UIImage+Antialias.m in Sources */ = {isa = PBXBuildFile; fileRef = ABFACA1B232DBF4700F52774 /* UIImage+Antialias.m */; };
		ABFACA2B232DC0F400F52774 /* UIImage+Image.m in Sources */ = {isa = PBXBuildFile; fileRef = ABFACA2A232DC0F400F52774 /* UIImage+Image.m */; };
		ABFACA2F232E256100F52774 /* XMGTopicPictureView.m in Sources */ = {isa = PBXBuildFile; fileRef = ABFACA2C232E256100F52774 /* XMGTopicPictureView.m */; };
		ABFACA30232E256100F52774 /* XMGTopicPictureView.xib in Resources */ = {isa = PBXBuildFile; fileRef = ABFACA2E232E256100F52774 /* XMGTopicPictureView.xib */; };
/* End PBXBuildFile section */

/* Begin PBXContainerItemProxy section */
		ABF63E01231E14F500E425BB /* PBXContainerItemProxy */ = {
			isa = PBXContainerItemProxy;
			containerPortal = ABF63DE0231E14F400E425BB /* Project object */;
			proxyType = 1;
			remoteGlobalIDString = ABF63DE7231E14F400E425BB;
			remoteInfo = BuDeJie;
		};
/* End PBXContainerItemProxy section */

/* Begin PBXFileReference section */
		24E98BB53209AEC433D8E44F /* Pods-BuDeJie.release.xcconfig */ = {isa = PBXFileReference; includeInIndex = 1; lastKnownFileType = text.xcconfig; name = "Pods-BuDeJie.release.xcconfig"; path = "Target Support Files/Pods-BuDeJie/Pods-BuDeJie.release.xcconfig"; sourceTree = "<group>"; };
		7EE2145DA64B8291F7200D3F /* Pods-BuDeJie.debug.xcconfig */ = {isa = PBXFileReference; includeInIndex = 1; lastKnownFileType = text.xcconfig; name = "Pods-BuDeJie.debug.xcconfig"; path = "Target Support Files/Pods-BuDeJie/Pods-BuDeJie.debug.xcconfig"; sourceTree = "<group>"; };
		82375D6CDEE63F611B787754 /* libPods-BuDeJie.a */ = {isa = PBXFileReference; explicitFileType = archive.ar; includeInIndex = 0; path = "libPods-BuDeJie.a"; sourceTree = BUILT_PRODUCTS_DIR; };
		AB071F42232382450023F9E8 /* XMGFriendTrendViewController.xib */ = {isa = PBXFileReference; lastKnownFileType = file.xib; path = XMGFriendTrendViewController.xib; sourceTree = "<group>"; };
		AB071F44232394C50023F9E8 /* XMGLoginRegisterViewController.h */ = {isa = PBXFileReference; lastKnownFileType = sourcecode.c.h; path = XMGLoginRegisterViewController.h; sourceTree = "<group>"; };
		AB071F45232394C50023F9E8 /* XMGLoginRegisterViewController.m */ = {isa = PBXFileReference; lastKnownFileType = sourcecode.c.objc; path = XMGLoginRegisterViewController.m; sourceTree = "<group>"; };
		AB071F47232395EB0023F9E8 /* XMGLoginRegisterViewController.xib */ = {isa = PBXFileReference; lastKnownFileType = file.xib; path = XMGLoginRegisterViewController.xib; sourceTree = "<group>"; };
		AB071F4C23239CE10023F9E8 /* XMGLoginRegisterView.h */ = {isa = PBXFileReference; lastKnownFileType = sourcecode.c.h; path = XMGLoginRegisterView.h; sourceTree = "<group>"; };
		AB071F4D23239CE10023F9E8 /* XMGLoginRegisterView.m */ = {isa = PBXFileReference; lastKnownFileType = sourcecode.c.objc; path = XMGLoginRegisterView.m; sourceTree = "<group>"; };
		AB071F4F23239CF10023F9E8 /* XMGLoginRegisterView.xib */ = {isa = PBXFileReference; lastKnownFileType = file.xib; path = XMGLoginRegisterView.xib; sourceTree = "<group>"; };
		AB167B3D2324849E000FBFC8 /* XMGFastLoginView.m */ = {isa = PBXFileReference; fileEncoding = 4; lastKnownFileType = sourcecode.c.objc; path = XMGFastLoginView.m; sourceTree = "<group>"; };
		AB167B3E2324849F000FBFC8 /* XMGFastLoginView.h */ = {isa = PBXFileReference; fileEncoding = 4; lastKnownFileType = sourcecode.c.h; path = XMGFastLoginView.h; sourceTree = "<group>"; };
		AB167B3F2324849F000FBFC8 /* XMGFastButton.h */ = {isa = PBXFileReference; fileEncoding = 4; lastKnownFileType = sourcecode.c.h; path = XMGFastButton.h; sourceTree = "<group>"; };
		AB167B40232484A0000FBFC8 /* XMGFastLoginView.xib */ = {isa = PBXFileReference; fileEncoding = 4; lastKnownFileType = file.xib; path = XMGFastLoginView.xib; sourceTree = "<group>"; };
		AB167B41232484A0000FBFC8 /* XMGFastButton.m */ = {isa = PBXFileReference; fileEncoding = 4; lastKnownFileType = sourcecode.c.objc; path = XMGFastButton.m; sourceTree = "<group>"; };
		AB167B452324FAF2000FBFC8 /* XMGLoginField.h */ = {isa = PBXFileReference; fileEncoding = 4; lastKnownFileType = sourcecode.c.h; path = XMGLoginField.h; sourceTree = "<group>"; };
		AB167B462324FAF2000FBFC8 /* XMGLoginField.m */ = {isa = PBXFileReference; fileEncoding = 4; lastKnownFileType = sourcecode.c.objc; path = XMGLoginField.m; sourceTree = "<group>"; };
		AB339BF523209448009BD276 /* XMGAdViewController.h */ = {isa = PBXFileReference; lastKnownFileType = sourcecode.c.h; path = XMGAdViewController.h; sourceTree = "<group>"; };
		AB339BF623209448009BD276 /* XMGAdViewController.m */ = {isa = PBXFileReference; lastKnownFileType = sourcecode.c.objc; path = XMGAdViewController.m; sourceTree = "<group>"; };
		AB339BF82320962A009BD276 /* XMGAdViewController.xib */ = {isa = PBXFileReference; lastKnownFileType = file.xib; path = XMGAdViewController.xib; sourceTree = "<group>"; };
		AB339BFB23209DE8009BD276 /* LaunchImage@2x.png */ = {isa = PBXFileReference; lastKnownFileType = image.png; path = "LaunchImage@2x.png"; sourceTree = "<group>"; };
		AB339BFC23209DE8009BD276 /* LaunchImage-568h@2x.png */ = {isa = PBXFileReference; lastKnownFileType = image.png; path = "LaunchImage-568h@2x.png"; sourceTree = "<group>"; };
		AB339BFD23209DE8009BD276 /* LaunchImage-800-667h@2x.png */ = {isa = PBXFileReference; lastKnownFileType = image.png; path = "LaunchImage-800-667h@2x.png"; sourceTree = "<group>"; };
		AB339BFE23209DE8009BD276 /* LaunchImage-800-Portrait-736h@3x.png */ = {isa = PBXFileReference; lastKnownFileType = image.png; path = "LaunchImage-800-Portrait-736h@3x.png"; sourceTree = "<group>"; };
		AB339BFF23209DE8009BD276 /* LaunchImage-700@2x.png */ = {isa = PBXFileReference; lastKnownFileType = image.png; path = "LaunchImage-700@2x.png"; sourceTree = "<group>"; };
		AB339C0023209DE8009BD276 /* LaunchImage-700-568h@2x.png */ = {isa = PBXFileReference; lastKnownFileType = image.png; path = "LaunchImage-700-568h@2x.png"; sourceTree = "<group>"; };
		AB339C0123209DE8009BD276 /* LaunchImage.png */ = {isa = PBXFileReference; lastKnownFileType = image.png; path = LaunchImage.png; sourceTree = "<group>"; };
		AB735D32232B987B005604A9 /* XMGTitleButton.m */ = {isa = PBXFileReference; fileEncoding = 4; lastKnownFileType = sourcecode.c.objc; path = XMGTitleButton.m; sourceTree = "<group>"; };
		AB735D33232B987B005604A9 /* XMGTitleButton.h */ = {isa = PBXFileReference; fileEncoding = 4; lastKnownFileType = sourcecode.c.h; path = XMGTitleButton.h; sourceTree = "<group>"; };
		AB735D3E232B9A33005604A9 /* XMGTopicCell.h */ = {isa = PBXFileReference; fileEncoding = 4; lastKnownFileType = sourcecode.c.h; name = XMGTopicCell.h; path = "../../../../../../../快捷方式说明文件夹/小码哥视频教程源码及说明文档/07-OC项目/0323/归档/代码/05-BuDeJie-/BuDeJie/Classes/Essence(精华)/View/XMGTopicCell.h"; sourceTree = "<group>"; };
		AB735D3F232B9A33005604A9 /* XMGTopicCell.m */ = {isa = PBXFileReference; fileEncoding = 4; lastKnownFileType = sourcecode.c.objc; name = XMGTopicCell.m; path = "../../../../../../../快捷方式说明文件夹/小码哥视频教程源码及说明文档/07-OC项目/0323/归档/代码/05-BuDeJie-/BuDeJie/Classes/Essence(精华)/View/XMGTopicCell.m"; sourceTree = "<group>"; };
		AB842644232103520098CC9C /* XMGADItem.h */ = {isa = PBXFileReference; lastKnownFileType = sourcecode.c.h; path = XMGADItem.h; sourceTree = "<group>"; };
		AB842645232103520098CC9C /* XMGADItem.m */ = {isa = PBXFileReference; lastKnownFileType = sourcecode.c.objc; path = XMGADItem.m; sourceTree = "<group>"; };
		AB842647232202520098CC9C /* XMGSubTagViewController.h */ = {isa = PBXFileReference; lastKnownFileType = sourcecode.c.h; path = XMGSubTagViewController.h; sourceTree = "<group>"; };
		AB842648232202520098CC9C /* XMGSubTagViewController.m */ = {isa = PBXFileReference; lastKnownFileType = sourcecode.c.objc; path = XMGSubTagViewController.m; sourceTree = "<group>"; };
		AB84264A23224F650098CC9C /* XMGSubTagItem.h */ = {isa = PBXFileReference; lastKnownFileType = sourcecode.c.h; path = XMGSubTagItem.h; sourceTree = "<group>"; };
		AB84264B23224F650098CC9C /* XMGSubTagItem.m */ = {isa = PBXFileReference; lastKnownFileType = sourcecode.c.objc; path = XMGSubTagItem.m; sourceTree = "<group>"; };
		AB84264D23225C600098CC9C /* XMGSubTagCell.h */ = {isa = PBXFileReference; lastKnownFileType = sourcecode.c.h; path = XMGSubTagCell.h; sourceTree = "<group>"; };
		AB84264E23225C600098CC9C /* XMGSubTagCell.m */ = {isa = PBXFileReference; lastKnownFileType = sourcecode.c.objc; path = XMGSubTagCell.m; sourceTree = "<group>"; };
		AB84264F23225C600098CC9C /* XMGSubTagCell.xib */ = {isa = PBXFileReference; lastKnownFileType = file.xib; path = XMGSubTagCell.xib; sourceTree = "<group>"; };
		ABB08C03231F350F00410F9E /* XMGTabBar.h */ = {isa = PBXFileReference; lastKnownFileType = sourcecode.c.h; path = XMGTabBar.h; sourceTree = "<group>"; };
		ABB08C04231F350F00410F9E /* XMGTabBar.m */ = {isa = PBXFileReference; lastKnownFileType = sourcecode.c.objc; path = XMGTabBar.m; sourceTree = "<group>"; };
		ABB08C09231F5D4500410F9E /* BuDeJie.pch */ = {isa = PBXFileReference; lastKnownFileType = sourcecode.c.h; path = BuDeJie.pch; sourceTree = "<group>"; };
		ABB08C10231FE2F100410F9E /* XMGNavigationViewController.h */ = {isa = PBXFileReference; lastKnownFileType = sourcecode.c.h; path = XMGNavigationViewController.h; sourceTree = "<group>"; };
		ABB08C11231FE2F100410F9E /* XMGNavigationViewController.m */ = {isa = PBXFileReference; lastKnownFileType = sourcecode.c.objc; path = XMGNavigationViewController.m; sourceTree = "<group>"; };
		ABB6B8402327822900B153F4 /* XMGAllViewController.h */ = {isa = PBXFileReference; fileEncoding = 4; lastKnownFileType = sourcecode.c.h; path = XMGAllViewController.h; sourceTree = "<group>"; };
		ABB6B8412327822900B153F4 /* XMGVoiceViewController.h */ = {isa = PBXFileReference; fileEncoding = 4; lastKnownFileType = sourcecode.c.h; path = XMGVoiceViewController.h; sourceTree = "<group>"; };
		ABB6B8422327822900B153F4 /* XMGWordViewController.h */ = {isa = PBXFileReference; fileEncoding = 4; lastKnownFileType = sourcecode.c.h; path = XMGWordViewController.h; sourceTree = "<group>"; };
		ABB6B8432327822900B153F4 /* XMGVideoViewController.m */ = {isa = PBXFileReference; fileEncoding = 4; lastKnownFileType = sourcecode.c.objc; path = XMGVideoViewController.m; sourceTree = "<group>"; };
		ABB6B8442327822900B153F4 /* XMGPictureViewController.h */ = {isa = PBXFileReference; fileEncoding = 4; lastKnownFileType = sourcecode.c.h; path = XMGPictureViewController.h; sourceTree = "<group>"; };
		ABB6B8452327822A00B153F4 /* XMGVideoViewController.h */ = {isa = PBXFileReference; fileEncoding = 4; lastKnownFileType = sourcecode.c.h; path = XMGVideoViewController.h; sourceTree = "<group>"; };
		ABB6B8462327822A00B153F4 /* XMGAllViewController.m */ = {isa = PBXFileReference; fileEncoding = 4; lastKnownFileType = sourcecode.c.objc; path = XMGAllViewController.m; sourceTree = "<group>"; };
		ABB6B8472327822A00B153F4 /* XMGVoiceViewController.m */ = {isa = PBXFileReference; fileEncoding = 4; lastKnownFileType = sourcecode.c.objc; path = XMGVoiceViewController.m; sourceTree = "<group>"; };
		ABB6B8482327822A00B153F4 /* XMGWordViewController.m */ = {isa = PBXFileReference; fileEncoding = 4; lastKnownFileType = sourcecode.c.objc; path = XMGWordViewController.m; sourceTree = "<group>"; };
		ABB6B8492327822A00B153F4 /* XMGPictureViewController.m */ = {isa = PBXFileReference; fileEncoding = 4; lastKnownFileType = sourcecode.c.objc; path = XMGPictureViewController.m; sourceTree = "<group>"; };
		ABB6B84F2327AE7800B153F4 /* XMGConst.m */ = {isa = PBXFileReference; fileEncoding = 4; lastKnownFileType = sourcecode.c.objc; path = XMGConst.m; sourceTree = "<group>"; };
		ABB6B8502327AE7800B153F4 /* XMGConst.h */ = {isa = PBXFileReference; fileEncoding = 4; lastKnownFileType = sourcecode.c.h; path = XMGConst.h; sourceTree = "<group>"; };
		ABE4B2E62325CF400016463D /* XMGSquareCell.h */ = {isa = PBXFileReference; fileEncoding = 4; lastKnownFileType = sourcecode.c.h; path = XMGSquareCell.h; sourceTree = "<group>"; };
		ABE4B2E72325CF400016463D /* XMGSquareCell.xib */ = {isa = PBXFileReference; fileEncoding = 4; lastKnownFileType = file.xib; path = XMGSquareCell.xib; sourceTree = "<group>"; };
		ABE4B2E82325CF400016463D /* XMGSquareCell.m */ = {isa = PBXFileReference; fileEncoding = 4; lastKnownFileType = sourcecode.c.objc; path = XMGSquareCell.m; sourceTree = "<group>"; };
		ABE4B2EA2325CF400016463D /* XMGSquareItem.h */ = {isa = PBXFileReference; fileEncoding = 4; lastKnownFileType = sourcecode.c.h; path = XMGSquareItem.h; sourceTree = "<group>"; };
		ABE4B2EB2325CF400016463D /* XMGSquareItem.m */ = {isa = PBXFileReference; fileEncoding = 4; lastKnownFileType = sourcecode.c.objc; path = XMGSquareItem.m; sourceTree = "<group>"; };
		ABE4B2ED2325CF400016463D /* XMGMeViewController.storyboard */ = {isa = PBXFileReference; fileEncoding = 4; lastKnownFileType = file.storyboard; path = XMGMeViewController.storyboard; sourceTree = "<group>"; };
		ABE4B2EE2325CF400016463D /* XMGMeViewController.m */ = {isa = PBXFileReference; fileEncoding = 4; lastKnownFileType = sourcecode.c.objc; path = XMGMeViewController.m; sourceTree = "<group>"; };
		ABE4B2EF2325CF400016463D /* XMGWebViewController.m */ = {isa = PBXFileReference; fileEncoding = 4; lastKnownFileType = sourcecode.c.objc; path = XMGWebViewController.m; sourceTree = "<group>"; };
		ABE4B2F02325CF400016463D /* XMGMeViewController.h */ = {isa = PBXFileReference; fileEncoding = 4; lastKnownFileType = sourcecode.c.h; path = XMGMeViewController.h; sourceTree = "<group>"; };
		ABE4B2F12325CF400016463D /* XMGWebViewController.xib */ = {isa = PBXFileReference; fileEncoding = 4; lastKnownFileType = file.xib; path = XMGWebViewController.xib; sourceTree = "<group>"; };
		ABE4B2F22325CF400016463D /* XMGWebViewController.h */ = {isa = PBXFileReference; fileEncoding = 4; lastKnownFileType = sourcecode.c.h; path = XMGWebViewController.h; sourceTree = "<group>"; };
		ABE4B2FF23264F520016463D /* XMGFileTool.h */ = {isa = PBXFileReference; fileEncoding = 4; lastKnownFileType = sourcecode.c.h; name = XMGFileTool.h; path = "../../../../../../../快捷方式说明文件夹/小码哥视频教程源码及说明文档/07-OC项目/0316/代码/08-设置/05-BuDeJie(文件管理类完整实现)/BuDeJie/Classes/Tool/File/XMGFileTool.h"; sourceTree = "<group>"; };
		ABE4B30023264F520016463D /* XMGFileTool.m */ = {isa = PBXFileReference; fileEncoding = 4; lastKnownFileType = sourcecode.c.objc; name = XMGFileTool.m; path = "../../../../../../../快捷方式说明文件夹/小码哥视频教程源码及说明文档/07-OC项目/0316/代码/08-设置/05-BuDeJie(文件管理类完整实现)/BuDeJie/Classes/Tool/File/XMGFileTool.m"; sourceTree = "<group>"; };
		ABE4B30223264FBB0016463D /* XMGSettingViewController.h */ = {isa = PBXFileReference; fileEncoding = 4; lastKnownFileType = sourcecode.c.h; path = XMGSettingViewController.h; sourceTree = "<group>"; };
		ABE4B30323264FBC0016463D /* XMGSettingViewController.m */ = {isa = PBXFileReference; fileEncoding = 4; lastKnownFileType = sourcecode.c.objc; path = XMGSettingViewController.m; sourceTree = "<group>"; };
		ABF63DE8231E14F400E425BB /* BuDeJie.app */ = {isa = PBXFileReference; explicitFileType = wrapper.application; includeInIndex = 0; path = BuDeJie.app; sourceTree = BUILT_PRODUCTS_DIR; };
		ABF63DF2231E14F400E425BB /* Base */ = {isa = PBXFileReference; lastKnownFileType = file.storyboard; name = Base; path = Base.lproj/Main.storyboard; sourceTree = "<group>"; };
		ABF63DF4231E14F500E425BB /* Assets.xcassets */ = {isa = PBXFileReference; lastKnownFileType = folder.assetcatalog; path = Assets.xcassets; sourceTree = "<group>"; };
		ABF63DF7231E14F500E425BB /* Base */ = {isa = PBXFileReference; lastKnownFileType = file.storyboard; name = Base; path = Base.lproj/LaunchScreen.storyboard; sourceTree = "<group>"; };
		ABF63DF9231E14F500E425BB /* Info.plist */ = {isa = PBXFileReference; lastKnownFileType = text.plist.xml; path = Info.plist; sourceTree = "<group>"; };
		ABF63E00231E14F500E425BB /* BuDeJieUITests.xctest */ = {isa = PBXFileReference; explicitFileType = wrapper.cfbundle; includeInIndex = 0; path = BuDeJieUITests.xctest; sourceTree = BUILT_PRODUCTS_DIR; };
		ABF63E04231E14F500E425BB /* BuDeJieUITests.m */ = {isa = PBXFileReference; lastKnownFileType = sourcecode.c.objc; path = BuDeJieUITests.m; sourceTree = "<group>"; };
		ABF63E06231E14F500E425BB /* Info.plist */ = {isa = PBXFileReference; lastKnownFileType = text.plist.xml; path = Info.plist; sourceTree = "<group>"; };
		ABF63E15231E57B200E425BB /* AppDelegate.h */ = {isa = PBXFileReference; fileEncoding = 4; lastKnownFileType = sourcecode.c.h; path = AppDelegate.h; sourceTree = "<group>"; };
		ABF63E16231E57B200E425BB /* main.m */ = {isa = PBXFileReference; fileEncoding = 4; lastKnownFileType = sourcecode.c.objc; path = main.m; sourceTree = "<group>"; };
		ABF63E17231E57B200E425BB /* AppDelegate.m */ = {isa = PBXFileReference; fileEncoding = 4; lastKnownFileType = sourcecode.c.objc; path = AppDelegate.m; sourceTree = "<group>"; };
		ABF63E2A231E587B00E425BB /* XMGEssenceViewController.h */ = {isa = PBXFileReference; lastKnownFileType = sourcecode.c.h; path = XMGEssenceViewController.h; sourceTree = "<group>"; };
		ABF63E2B231E587B00E425BB /* XMGEssenceViewController.m */ = {isa = PBXFileReference; lastKnownFileType = sourcecode.c.objc; path = XMGEssenceViewController.m; sourceTree = "<group>"; };
		ABF63E2D231E58DF00E425BB /* XMGFriendTrendViewController.h */ = {isa = PBXFileReference; lastKnownFileType = sourcecode.c.h; path = XMGFriendTrendViewController.h; sourceTree = "<group>"; };
		ABF63E2E231E58DF00E425BB /* XMGFriendTrendViewController.m */ = {isa = PBXFileReference; lastKnownFileType = sourcecode.c.objc; path = XMGFriendTrendViewController.m; sourceTree = "<group>"; };
		ABF63E33231E593C00E425BB /* XMGNewViewController.h */ = {isa = PBXFileReference; lastKnownFileType = sourcecode.c.h; path = XMGNewViewController.h; sourceTree = "<group>"; };
		ABF63E34231E593C00E425BB /* XMGNewViewController.m */ = {isa = PBXFileReference; lastKnownFileType = sourcecode.c.objc; path = XMGNewViewController.m; sourceTree = "<group>"; };
		ABF63E36231E596200E425BB /* XMGPublishViewController.h */ = {isa = PBXFileReference; lastKnownFileType = sourcecode.c.h; path = XMGPublishViewController.h; sourceTree = "<group>"; };
		ABF63E37231E596200E425BB /* XMGPublishViewController.m */ = {isa = PBXFileReference; lastKnownFileType = sourcecode.c.objc; path = XMGPublishViewController.m; sourceTree = "<group>"; };
		ABF63E3B231E8AEA00E425BB /* XMGTabBarController.h */ = {isa = PBXFileReference; fileEncoding = 4; lastKnownFileType = sourcecode.c.h; path = XMGTabBarController.h; sourceTree = "<group>"; };
		ABF63E3C231E8AEA00E425BB /* XMGTabBarController.m */ = {isa = PBXFileReference; fileEncoding = 4; lastKnownFileType = sourcecode.c.objc; path = XMGTabBarController.m; sourceTree = "<group>"; };
		ABF72D61232CB3390070EF06 /* XMGTopicCell.xib */ = {isa = PBXFileReference; fileEncoding = 4; lastKnownFileType = file.xib; name = XMGTopicCell.xib; path = "../../../../../../../快捷方式说明文件夹/小码哥视频教程源码及说明文档/07-OC项目/0324/代码/05-BuDeJie-添加中间内容/BuDeJie/Classes/Essence(精华)/View/XMGTopicCell.xib"; sourceTree = "<group>"; };
		ABF72D63232CCC8E0070EF06 /* XMGTopicVideoView.h */ = {isa = PBXFileReference; fileEncoding = 4; lastKnownFileType = sourcecode.c.h; path = XMGTopicVideoView.h; sourceTree = "<group>"; };
		ABF72D66232CCC8F0070EF06 /* XMGTopicVideoView.xib */ = {isa = PBXFileReference; fileEncoding = 4; lastKnownFileType = file.xib; path = XMGTopicVideoView.xib; sourceTree = "<group>"; };
		ABF72D6A232CCC8F0070EF06 /* XMGTopicVideoView.m */ = {isa = PBXFileReference; fileEncoding = 4; lastKnownFileType = sourcecode.c.objc; path = XMGTopicVideoView.m; sourceTree = "<group>"; };
		ABF72D72232CF0BD0070EF06 /* XMGTopicVoiceView.h */ = {isa = PBXFileReference; fileEncoding = 4; lastKnownFileType = sourcecode.c.h; path = XMGTopicVoiceView.h; sourceTree = "<group>"; };
		ABF72D73232CF0BE0070EF06 /* XMGTopicVoiceView.xib */ = {isa = PBXFileReference; fileEncoding = 4; lastKnownFileType = file.xib; path = XMGTopicVoiceView.xib; sourceTree = "<group>"; };
		ABF72D74232CF0BE0070EF06 /* XMGTopicVoiceView.m */ = {isa = PBXFileReference; fileEncoding = 4; lastKnownFileType = sourcecode.c.objc; path = XMGTopicVoiceView.m; sourceTree = "<group>"; };
		ABF72D77232CF1330070EF06 /* XMGTopic.h */ = {isa = PBXFileReference; fileEncoding = 4; lastKnownFileType = sourcecode.c.h; path = XMGTopic.h; sourceTree = "<group>"; };
		ABF72D78232CF1330070EF06 /* XMGTopic.m */ = {isa = PBXFileReference; fileEncoding = 4; lastKnownFileType = sourcecode.c.objc; path = XMGTopic.m; sourceTree = "<group>"; };
		ABFACA17232DBF4600F52774 /* UITextField+Placeholder.m */ = {isa = PBXFileReference; fileEncoding = 4; lastKnownFileType = sourcecode.c.objc; path = "UITextField+Placeholder.m"; sourceTree = "<group>"; };
		ABFACA18232DBF4700F52774 /* UIView+Frame.m */ = {isa = PBXFileReference; fileEncoding = 4; lastKnownFileType = sourcecode.c.objc; path = "UIView+Frame.m"; sourceTree = "<group>"; };
		ABFACA19232DBF4700F52774 /* UIImageView+Download.m */ = {isa = PBXFileReference; fileEncoding = 4; lastKnownFileType = sourcecode.c.objc; path = "UIImageView+Download.m"; sourceTree = "<group>"; };
		ABFACA1A232DBF4700F52774 /* UIBarButtonItem+Item.m */ = {isa = PBXFileReference; fileEncoding = 4; lastKnownFileType = sourcecode.c.objc; path = "UIBarButtonItem+Item.m"; sourceTree = "<group>"; };
		ABFACA1B232DBF4700F52774 /* UIImage+Antialias.m */ = {isa = PBXFileReference; fileEncoding = 4; lastKnownFileType = sourcecode.c.objc; path = "UIImage+Antialias.m"; sourceTree = "<group>"; };
		ABFACA1C232DBF4700F52774 /* UIBarButtonItem+Item.h */ = {isa = PBXFileReference; fileEncoding = 4; lastKnownFileType = sourcecode.c.h; path = "UIBarButtonItem+Item.h"; sourceTree = "<group>"; };
		ABFACA1E232DBF4700F52774 /* UIImage+Antialias.h */ = {isa = PBXFileReference; fileEncoding = 4; lastKnownFileType = sourcecode.c.h; path = "UIImage+Antialias.h"; sourceTree = "<group>"; };
		ABFACA1F232DBF4700F52774 /* UITextField+Placeholder.h */ = {isa = PBXFileReference; fileEncoding = 4; lastKnownFileType = sourcecode.c.h; path = "UITextField+Placeholder.h"; sourceTree = "<group>"; };
		ABFACA20232DBF4800F52774 /* UIView+Frame.h */ = {isa = PBXFileReference; fileEncoding = 4; lastKnownFileType = sourcecode.c.h; path = "UIView+Frame.h"; sourceTree = "<group>"; };
		ABFACA21232DBF4800F52774 /* UIImageView+Download.h */ = {isa = PBXFileReference; fileEncoding = 4; lastKnownFileType = sourcecode.c.h; path = "UIImageView+Download.h"; sourceTree = "<group>"; };
		ABFACA29232DC0F400F52774 /* UIImage+Image.h */ = {isa = PBXFileReference; fileEncoding = 4; lastKnownFileType = sourcecode.c.h; path = "UIImage+Image.h"; sourceTree = "<group>"; };
		ABFACA2A232DC0F400F52774 /* UIImage+Image.m */ = {isa = PBXFileReference; fileEncoding = 4; lastKnownFileType = sourcecode.c.objc; path = "UIImage+Image.m"; sourceTree = "<group>"; };
		ABFACA2C232E256100F52774 /* XMGTopicPictureView.m */ = {isa = PBXFileReference; fileEncoding = 4; lastKnownFileType = sourcecode.c.objc; path = XMGTopicPictureView.m; sourceTree = "<group>"; };
		ABFACA2D232E256100F52774 /* XMGTopicPictureView.h */ = {isa = PBXFileReference; fileEncoding = 4; lastKnownFileType = sourcecode.c.h; path = XMGTopicPictureView.h; sourceTree = "<group>"; };
		ABFACA2E232E256100F52774 /* XMGTopicPictureView.xib */ = {isa = PBXFileReference; fileEncoding = 4; lastKnownFileType = file.xib; path = XMGTopicPictureView.xib; sourceTree = "<group>"; };
/* End PBXFileReference section */

/* Begin PBXFrameworksBuildPhase section */
		ABF63DE5231E14F400E425BB /* Frameworks */ = {
			isa = PBXFrameworksBuildPhase;
			buildActionMask = 2147483647;
			files = (
				238382FF42BB638EBC383B36 /* libPods-BuDeJie.a in Frameworks */,
			);
			runOnlyForDeploymentPostprocessing = 0;
		};
		ABF63DFD231E14F500E425BB /* Frameworks */ = {
			isa = PBXFrameworksBuildPhase;
			buildActionMask = 2147483647;
			files = (
			);
			runOnlyForDeploymentPostprocessing = 0;
		};
/* End PBXFrameworksBuildPhase section */

/* Begin PBXGroup section */
		322C4A00B0F9B290A7179586 /* Pods */ = {
			isa = PBXGroup;
			children = (
				7EE2145DA64B8291F7200D3F /* Pods-BuDeJie.debug.xcconfig */,
				24E98BB53209AEC433D8E44F /* Pods-BuDeJie.release.xcconfig */,
			);
			path = Pods;
			sourceTree = "<group>";
		};
		9483ABCE784566182E371D3B /* Frameworks */ = {
			isa = PBXGroup;
			children = (
				82375D6CDEE63F611B787754 /* libPods-BuDeJie.a */,
			);
			name = Frameworks;
			sourceTree = "<group>";
		};
		AB339BF1232093FA009BD276 /* AD(广告) */ = {
			isa = PBXGroup;
			children = (
				AB339BF2232093FA009BD276 /* Controller */,
				AB339BF3232093FA009BD276 /* Model */,
				AB339BF4232093FA009BD276 /* View */,
			);
			path = "AD(广告)";
			sourceTree = "<group>";
		};
		AB339BF2232093FA009BD276 /* Controller */ = {
			isa = PBXGroup;
			children = (
				AB339BF523209448009BD276 /* XMGAdViewController.h */,
				AB339BF623209448009BD276 /* XMGAdViewController.m */,
				AB339BF82320962A009BD276 /* XMGAdViewController.xib */,
			);
			path = Controller;
			sourceTree = "<group>";
		};
		AB339BF3232093FA009BD276 /* Model */ = {
			isa = PBXGroup;
			children = (
				AB842644232103520098CC9C /* XMGADItem.h */,
				AB842645232103520098CC9C /* XMGADItem.m */,
			);
			path = Model;
			sourceTree = "<group>";
		};
		AB339BF4232093FA009BD276 /* View */ = {
			isa = PBXGroup;
			children = (
			);
			path = View;
			sourceTree = "<group>";
		};
		AB339BFA23209DE8009BD276 /* 启动图片 */ = {
			isa = PBXGroup;
			children = (
				AB339BFB23209DE8009BD276 /* LaunchImage@2x.png */,
				AB339BFC23209DE8009BD276 /* LaunchImage-568h@2x.png */,
				AB339BFD23209DE8009BD276 /* LaunchImage-800-667h@2x.png */,
				AB339BFE23209DE8009BD276 /* LaunchImage-800-Portrait-736h@3x.png */,
				AB339BFF23209DE8009BD276 /* LaunchImage-700@2x.png */,
				AB339C0023209DE8009BD276 /* LaunchImage-700-568h@2x.png */,
				AB339C0123209DE8009BD276 /* LaunchImage.png */,
			);
			path = "启动图片";
			sourceTree = "<group>";
		};
		ABB08C13231FECA200410F9E /* Setting(设置) */ = {
			isa = PBXGroup;
			children = (
				ABB08C14231FECA200410F9E /* Controller */,
				ABB08C15231FECA200410F9E /* Model */,
				ABB08C16231FECA200410F9E /* View */,
			);
			path = "Setting(设置)";
			sourceTree = "<group>";
		};
		ABB08C14231FECA200410F9E /* Controller */ = {
			isa = PBXGroup;
			children = (
				ABE4B30223264FBB0016463D /* XMGSettingViewController.h */,
				ABE4B30323264FBC0016463D /* XMGSettingViewController.m */,
			);
			path = Controller;
			sourceTree = "<group>";
		};
		ABB08C15231FECA200410F9E /* Model */ = {
			isa = PBXGroup;
			children = (
			);
			path = Model;
			sourceTree = "<group>";
		};
		ABB08C16231FECA200410F9E /* View */ = {
			isa = PBXGroup;
			children = (
			);
			path = View;
			sourceTree = "<group>";
		};
		ABE4B2E52325CF400016463D /* View */ = {
			isa = PBXGroup;
			children = (
				ABE4B2E62325CF400016463D /* XMGSquareCell.h */,
				ABE4B2E72325CF400016463D /* XMGSquareCell.xib */,
				ABE4B2E82325CF400016463D /* XMGSquareCell.m */,
			);
			path = View;
			sourceTree = "<group>";
		};
		ABE4B2E92325CF400016463D /* Model */ = {
			isa = PBXGroup;
			children = (
				ABE4B2EA2325CF400016463D /* XMGSquareItem.h */,
				ABE4B2EB2325CF400016463D /* XMGSquareItem.m */,
			);
			path = Model;
			sourceTree = "<group>";
		};
		ABE4B2EC2325CF400016463D /* Controller */ = {
			isa = PBXGroup;
			children = (
				ABE4B2ED2325CF400016463D /* XMGMeViewController.storyboard */,
				ABE4B2F02325CF400016463D /* XMGMeViewController.h */,
				ABE4B2EE2325CF400016463D /* XMGMeViewController.m */,
				ABE4B2F12325CF400016463D /* XMGWebViewController.xib */,
				ABE4B2F22325CF400016463D /* XMGWebViewController.h */,
				ABE4B2EF2325CF400016463D /* XMGWebViewController.m */,
			);
			path = Controller;
			sourceTree = "<group>";
		};
		ABE4B2FA232649600016463D /* Tool */ = {
			isa = PBXGroup;
			children = (
				ABE4B2FB232649600016463D /* File */,
			);
			path = Tool;
			sourceTree = "<group>";
		};
		ABE4B2FB232649600016463D /* File */ = {
			isa = PBXGroup;
			children = (
				ABE4B2FF23264F520016463D /* XMGFileTool.h */,
				ABE4B30023264F520016463D /* XMGFileTool.m */,
			);
			path = File;
			sourceTree = "<group>";
		};
		ABF63DDF231E14F400E425BB = {
			isa = PBXGroup;
			children = (
				ABF63DEA231E14F400E425BB /* BuDeJie */,
				ABF63E03231E14F500E425BB /* BuDeJieUITests */,
				ABF63DE9231E14F400E425BB /* Products */,
				322C4A00B0F9B290A7179586 /* Pods */,
				9483ABCE784566182E371D3B /* Frameworks */,
			);
			sourceTree = "<group>";
		};
		ABF63DE9231E14F400E425BB /* Products */ = {
			isa = PBXGroup;
			children = (
				ABF63DE8231E14F400E425BB /* BuDeJie.app */,
				ABF63E00231E14F500E425BB /* BuDeJieUITests.xctest */,
			);
			name = Products;
			sourceTree = "<group>";
		};
		ABF63DEA231E14F400E425BB /* BuDeJie */ = {
			isa = PBXGroup;
			children = (
				AB339BFA23209DE8009BD276 /* 启动图片 */,
				ABF63E0F231E57B200E425BB /* Classes */,
				ABF63DF1231E14F400E425BB /* Main.storyboard */,
				ABF63DF4231E14F500E425BB /* Assets.xcassets */,
				ABF63DF6231E14F500E425BB /* LaunchScreen.storyboard */,
				ABF63DF9231E14F500E425BB /* Info.plist */,
			);
			path = BuDeJie;
			sourceTree = "<group>";
		};
		ABF63E03231E14F500E425BB /* BuDeJieUITests */ = {
			isa = PBXGroup;
			children = (
				ABF63E04231E14F500E425BB /* BuDeJieUITests.m */,
				ABF63E06231E14F500E425BB /* Info.plist */,
			);
			path = BuDeJieUITests;
			sourceTree = "<group>";
		};
		ABF63E0F231E57B200E425BB /* Classes */ = {
			isa = PBXGroup;
			children = (
				ABE4B2FA232649600016463D /* Tool */,
				AB339BF1232093FA009BD276 /* AD(广告) */,
				ABB08C13231FECA200410F9E /* Setting(设置) */,
				ABF63E39231E8AEA00E425BB /* Main(主要) */,
				ABF63E10231E57B200E425BB /* Essence(精华) */,
				ABF63E1C231E57B200E425BB /* FriendTrend(关注) */,
				ABF63E20231E57B200E425BB /* Me(我) */,
				ABF63E18231E57B200E425BB /* New(新帖) */,
				ABF63E24231E57B200E425BB /* Publish(发布) */,
				ABF63E14231E57B200E425BB /* Other */,
			);
			path = Classes;
			sourceTree = "<group>";
		};
		ABF63E10231E57B200E425BB /* Essence(精华) */ = {
			isa = PBXGroup;
			children = (
				ABF63E11231E57B200E425BB /* Controller */,
				ABF63E12231E57B200E425BB /* Model */,
				ABF63E13231E57B200E425BB /* View */,
			);
			path = "Essence(精华)";
			sourceTree = "<group>";
		};
		ABF63E11231E57B200E425BB /* Controller */ = {
			isa = PBXGroup;
			children = (
				ABF63E2A231E587B00E425BB /* XMGEssenceViewController.h */,
				ABF63E2B231E587B00E425BB /* XMGEssenceViewController.m */,
				ABB6B8402327822900B153F4 /* XMGAllViewController.h */,
				ABB6B8462327822A00B153F4 /* XMGAllViewController.m */,
				ABB6B8442327822900B153F4 /* XMGPictureViewController.h */,
				ABB6B8452327822A00B153F4 /* XMGVideoViewController.h */,
				ABB6B8492327822A00B153F4 /* XMGPictureViewController.m */,
				ABB6B8432327822900B153F4 /* XMGVideoViewController.m */,
				ABB6B8412327822900B153F4 /* XMGVoiceViewController.h */,
				ABB6B8472327822A00B153F4 /* XMGVoiceViewController.m */,
				ABB6B8422327822900B153F4 /* XMGWordViewController.h */,
				ABB6B8482327822A00B153F4 /* XMGWordViewController.m */,
			);
			path = Controller;
			sourceTree = "<group>";
		};
		ABF63E12231E57B200E425BB /* Model */ = {
			isa = PBXGroup;
			children = (
				ABF72D77232CF1330070EF06 /* XMGTopic.h */,
				ABF72D78232CF1330070EF06 /* XMGTopic.m */,
			);
			path = Model;
			sourceTree = "<group>";
		};
		ABF63E13231E57B200E425BB /* View */ = {
			isa = PBXGroup;
			children = (
				AB735D33232B987B005604A9 /* XMGTitleButton.h */,
				AB735D32232B987B005604A9 /* XMGTitleButton.m */,
				AB735D3E232B9A33005604A9 /* XMGTopicCell.h */,
				AB735D3F232B9A33005604A9 /* XMGTopicCell.m */,
				ABF72D61232CB3390070EF06 /* XMGTopicCell.xib */,
				ABFACA2D232E256100F52774 /* XMGTopicPictureView.h */,
				ABFACA2C232E256100F52774 /* XMGTopicPictureView.m */,
				ABFACA2E232E256100F52774 /* XMGTopicPictureView.xib */,
				ABF72D63232CCC8E0070EF06 /* XMGTopicVideoView.h */,
				ABF72D6A232CCC8F0070EF06 /* XMGTopicVideoView.m */,
				ABF72D66232CCC8F0070EF06 /* XMGTopicVideoView.xib */,
				ABF72D72232CF0BD0070EF06 /* XMGTopicVoiceView.h */,
				ABF72D74232CF0BE0070EF06 /* XMGTopicVoiceView.m */,
				ABF72D73232CF0BE0070EF06 /* XMGTopicVoiceView.xib */,
			);
			path = View;
			sourceTree = "<group>";
		};
		ABF63E14231E57B200E425BB /* Other */ = {
			isa = PBXGroup;
			children = (
				ABB6B8502327AE7800B153F4 /* XMGConst.h */,
				ABB6B84F2327AE7800B153F4 /* XMGConst.m */,
				ABF63E40231E8FCA00E425BB /* Category */,
				ABF63E15231E57B200E425BB /* AppDelegate.h */,
				ABF63E17231E57B200E425BB /* AppDelegate.m */,
				ABF63E16231E57B200E425BB /* main.m */,
				ABB08C09231F5D4500410F9E /* BuDeJie.pch */,
			);
			path = Other;
			sourceTree = "<group>";
		};
		ABF63E18231E57B200E425BB /* New(新帖) */ = {
			isa = PBXGroup;
			children = (
				ABF63E19231E57B200E425BB /* Controller */,
				ABF63E1A231E57B200E425BB /* Model */,
				ABF63E1B231E57B200E425BB /* View */,
			);
			path = "New(新帖)";
			sourceTree = "<group>";
		};
		ABF63E19231E57B200E425BB /* Controller */ = {
			isa = PBXGroup;
			children = (
				ABF63E33231E593C00E425BB /* XMGNewViewController.h */,
				ABF63E34231E593C00E425BB /* XMGNewViewController.m */,
				AB842647232202520098CC9C /* XMGSubTagViewController.h */,
				AB842648232202520098CC9C /* XMGSubTagViewController.m */,
			);
			path = Controller;
			sourceTree = "<group>";
		};
		ABF63E1A231E57B200E425BB /* Model */ = {
			isa = PBXGroup;
			children = (
				AB84264A23224F650098CC9C /* XMGSubTagItem.h */,
				AB84264B23224F650098CC9C /* XMGSubTagItem.m */,
			);
			path = Model;
			sourceTree = "<group>";
		};
		ABF63E1B231E57B200E425BB /* View */ = {
			isa = PBXGroup;
			children = (
				AB84264D23225C600098CC9C /* XMGSubTagCell.h */,
				AB84264E23225C600098CC9C /* XMGSubTagCell.m */,
				AB84264F23225C600098CC9C /* XMGSubTagCell.xib */,
			);
			path = View;
			sourceTree = "<group>";
		};
		ABF63E1C231E57B200E425BB /* FriendTrend(关注) */ = {
			isa = PBXGroup;
			children = (
				ABF63E1D231E57B200E425BB /* Controller */,
				ABF63E1E231E57B200E425BB /* Model */,
				ABF63E1F231E57B200E425BB /* View */,
			);
			path = "FriendTrend(关注)";
			sourceTree = "<group>";
		};
		ABF63E1D231E57B200E425BB /* Controller */ = {
			isa = PBXGroup;
			children = (
				ABF63E2D231E58DF00E425BB /* XMGFriendTrendViewController.h */,
				ABF63E2E231E58DF00E425BB /* XMGFriendTrendViewController.m */,
				AB071F42232382450023F9E8 /* XMGFriendTrendViewController.xib */,
				AB071F44232394C50023F9E8 /* XMGLoginRegisterViewController.h */,
				AB071F45232394C50023F9E8 /* XMGLoginRegisterViewController.m */,
				AB071F47232395EB0023F9E8 /* XMGLoginRegisterViewController.xib */,
			);
			path = Controller;
			sourceTree = "<group>";
		};
		ABF63E1E231E57B200E425BB /* Model */ = {
			isa = PBXGroup;
			children = (
			);
			path = Model;
			sourceTree = "<group>";
		};
		ABF63E1F231E57B200E425BB /* View */ = {
			isa = PBXGroup;
			children = (
				AB167B452324FAF2000FBFC8 /* XMGLoginField.h */,
				AB167B462324FAF2000FBFC8 /* XMGLoginField.m */,
				AB167B3F2324849F000FBFC8 /* XMGFastButton.h */,
				AB167B41232484A0000FBFC8 /* XMGFastButton.m */,
				AB167B3E2324849F000FBFC8 /* XMGFastLoginView.h */,
				AB167B3D2324849E000FBFC8 /* XMGFastLoginView.m */,
				AB167B40232484A0000FBFC8 /* XMGFastLoginView.xib */,
				AB071F4C23239CE10023F9E8 /* XMGLoginRegisterView.h */,
				AB071F4D23239CE10023F9E8 /* XMGLoginRegisterView.m */,
				AB071F4F23239CF10023F9E8 /* XMGLoginRegisterView.xib */,
			);
			path = View;
			sourceTree = "<group>";
		};
		ABF63E20231E57B200E425BB /* Me(我) */ = {
			isa = PBXGroup;
			children = (
				ABE4B2EC2325CF400016463D /* Controller */,
				ABE4B2E92325CF400016463D /* Model */,
				ABE4B2E52325CF400016463D /* View */,
			);
			path = "Me(我)";
			sourceTree = "<group>";
		};
		ABF63E24231E57B200E425BB /* Publish(发布) */ = {
			isa = PBXGroup;
			children = (
				ABF63E25231E57B200E425BB /* Controller */,
				ABF63E26231E57B200E425BB /* Model */,
				ABF63E27231E57B200E425BB /* View */,
			);
			path = "Publish(发布)";
			sourceTree = "<group>";
		};
		ABF63E25231E57B200E425BB /* Controller */ = {
			isa = PBXGroup;
			children = (
				ABF63E36231E596200E425BB /* XMGPublishViewController.h */,
				ABF63E37231E596200E425BB /* XMGPublishViewController.m */,
			);
			path = Controller;
			sourceTree = "<group>";
		};
		ABF63E26231E57B200E425BB /* Model */ = {
			isa = PBXGroup;
			children = (
			);
			path = Model;
			sourceTree = "<group>";
		};
		ABF63E27231E57B200E425BB /* View */ = {
			isa = PBXGroup;
			children = (
			);
			path = View;
			sourceTree = "<group>";
		};
		ABF63E39231E8AEA00E425BB /* Main(主要) */ = {
			isa = PBXGroup;
			children = (
				ABF63E3A231E8AEA00E425BB /* Controller */,
				ABF63E3D231E8AEA00E425BB /* Model */,
				ABF63E3E231E8AEA00E425BB /* View */,
			);
			path = "Main(主要)";
			sourceTree = "<group>";
		};
		ABF63E3A231E8AEA00E425BB /* Controller */ = {
			isa = PBXGroup;
			children = (
				ABF63E3B231E8AEA00E425BB /* XMGTabBarController.h */,
				ABF63E3C231E8AEA00E425BB /* XMGTabBarController.m */,
				ABB08C10231FE2F100410F9E /* XMGNavigationViewController.h */,
				ABB08C11231FE2F100410F9E /* XMGNavigationViewController.m */,
			);
			path = Controller;
			sourceTree = "<group>";
		};
		ABF63E3D231E8AEA00E425BB /* Model */ = {
			isa = PBXGroup;
			children = (
			);
			path = Model;
			sourceTree = "<group>";
		};
		ABF63E3E231E8AEA00E425BB /* View */ = {
			isa = PBXGroup;
			children = (
				ABB08C03231F350F00410F9E /* XMGTabBar.h */,
				ABB08C04231F350F00410F9E /* XMGTabBar.m */,
			);
			path = View;
			sourceTree = "<group>";
		};
		ABF63E40231E8FCA00E425BB /* Category */ = {
			isa = PBXGroup;
			children = (
				ABFACA1C232DBF4700F52774 /* UIBarButtonItem+Item.h */,
				ABFACA1A232DBF4700F52774 /* UIBarButtonItem+Item.m */,
				ABFACA1E232DBF4700F52774 /* UIImage+Antialias.h */,
				ABFACA1B232DBF4700F52774 /* UIImage+Antialias.m */,
				ABFACA29232DC0F400F52774 /* UIImage+Image.h */,
				ABFACA2A232DC0F400F52774 /* UIImage+Image.m */,
				ABFACA21232DBF4800F52774 /* UIImageView+Download.h */,
				ABFACA19232DBF4700F52774 /* UIImageView+Download.m */,
				ABFACA1F232DBF4700F52774 /* UITextField+Placeholder.h */,
				ABFACA17232DBF4600F52774 /* UITextField+Placeholder.m */,
				ABFACA20232DBF4800F52774 /* UIView+Frame.h */,
				ABFACA18232DBF4700F52774 /* UIView+Frame.m */,
			);
			path = Category;
			sourceTree = "<group>";
		};
/* End PBXGroup section */

/* Begin PBXNativeTarget section */
		ABF63DE7231E14F400E425BB /* BuDeJie */ = {
			isa = PBXNativeTarget;
			buildConfigurationList = ABF63E09231E14F500E425BB /* Build configuration list for PBXNativeTarget "BuDeJie" */;
			buildPhases = (
				4B838F3D7E467621BCCF09AA /* [CP] Check Pods Manifest.lock */,
				ABF63DE4231E14F400E425BB /* Sources */,
				ABF63DE5231E14F400E425BB /* Frameworks */,
				ABF63DE6231E14F400E425BB /* Resources */,
				04AAE090D66DA298B289184C /* [CP] Copy Pods Resources */,
			);
			buildRules = (
			);
			dependencies = (
			);
			name = BuDeJie;
			productName = BuDeJie;
			productReference = ABF63DE8231E14F400E425BB /* BuDeJie.app */;
			productType = "com.apple.product-type.application";
		};
		ABF63DFF231E14F500E425BB /* BuDeJieUITests */ = {
			isa = PBXNativeTarget;
			buildConfigurationList = ABF63E0C231E14F500E425BB /* Build configuration list for PBXNativeTarget "BuDeJieUITests" */;
			buildPhases = (
				ABF63DFC231E14F500E425BB /* Sources */,
				ABF63DFD231E14F500E425BB /* Frameworks */,
				ABF63DFE231E14F500E425BB /* Resources */,
			);
			buildRules = (
			);
			dependencies = (
				ABF63E02231E14F500E425BB /* PBXTargetDependency */,
			);
			name = BuDeJieUITests;
			productName = BuDeJieUITests;
			productReference = ABF63E00231E14F500E425BB /* BuDeJieUITests.xctest */;
			productType = "com.apple.product-type.bundle.ui-testing";
		};
/* End PBXNativeTarget section */

/* Begin PBXProject section */
		ABF63DE0231E14F400E425BB /* Project object */ = {
			isa = PBXProject;
			attributes = {
				CLASSPREFIX = XMG;
				LastUpgradeCheck = 1020;
				ORGANIZATIONNAME = xiaomage;
				TargetAttributes = {
					ABF63DE7231E14F400E425BB = {
						CreatedOnToolsVersion = 10.2.1;
					};
					ABF63DFF231E14F500E425BB = {
						CreatedOnToolsVersion = 10.2.1;
						TestTargetID = ABF63DE7231E14F400E425BB;
					};
				};
			};
			buildConfigurationList = ABF63DE3231E14F400E425BB /* Build configuration list for PBXProject "BuDeJie" */;
			compatibilityVersion = "Xcode 9.3";
			developmentRegion = en;
			hasScannedForEncodings = 0;
			knownRegions = (
				en,
				Base,
			);
			mainGroup = ABF63DDF231E14F400E425BB;
			productRefGroup = ABF63DE9231E14F400E425BB /* Products */;
			projectDirPath = "";
			projectRoot = "";
			targets = (
				ABF63DE7231E14F400E425BB /* BuDeJie */,
				ABF63DFF231E14F500E425BB /* BuDeJieUITests */,
			);
		};
/* End PBXProject section */

/* Begin PBXResourcesBuildPhase section */
		ABF63DE6231E14F400E425BB /* Resources */ = {
			isa = PBXResourcesBuildPhase;
			buildActionMask = 2147483647;
			files = (
				ABF72D62232CB3390070EF06 /* XMGTopicCell.xib in Resources */,
				AB071F43232382450023F9E8 /* XMGFriendTrendViewController.xib in Resources */,
				AB339BF92320962A009BD276 /* XMGAdViewController.xib in Resources */,
				ABE4B2F62325CF410016463D /* XMGMeViewController.storyboard in Resources */,
				ABF63DF8231E14F500E425BB /* LaunchScreen.storyboard in Resources */,
				ABFACA30232E256100F52774 /* XMGTopicPictureView.xib in Resources */,
				AB167B43232484A0000FBFC8 /* XMGFastLoginView.xib in Resources */,
				ABE4B2F32325CF410016463D /* XMGSquareCell.xib in Resources */,
				ABF63DF5231E14F500E425BB /* Assets.xcassets in Resources */,
				AB071F48232395EB0023F9E8 /* XMGLoginRegisterViewController.xib in Resources */,
				ABF63DF3231E14F400E425BB /* Main.storyboard in Resources */,
				AB84265123225C600098CC9C /* XMGSubTagCell.xib in Resources */,
				ABF72D75232CF0BE0070EF06 /* XMGTopicVoiceView.xib in Resources */,
				ABE4B2F92325CF410016463D /* XMGWebViewController.xib in Resources */,
				AB071F5023239CF10023F9E8 /* XMGLoginRegisterView.xib in Resources */,
				AB339C0523209DE8009BD276 /* LaunchImage-800-Portrait-736h@3x.png in Resources */,
				AB339C0323209DE8009BD276 /* LaunchImage-568h@2x.png in Resources */,
				AB339C0723209DE8009BD276 /* LaunchImage-700-568h@2x.png in Resources */,
				ABF72D6E232CCC8F0070EF06 /* XMGTopicVideoView.xib in Resources */,
				AB339C0623209DE8009BD276 /* LaunchImage-700@2x.png in Resources */,
				AB339C0423209DE8009BD276 /* LaunchImage-800-667h@2x.png in Resources */,
				AB339C0223209DE8009BD276 /* LaunchImage@2x.png in Resources */,
				AB339C0823209DE8009BD276 /* LaunchImage.png in Resources */,
			);
			runOnlyForDeploymentPostprocessing = 0;
		};
		ABF63DFE231E14F500E425BB /* Resources */ = {
			isa = PBXResourcesBuildPhase;
			buildActionMask = 2147483647;
			files = (
			);
			runOnlyForDeploymentPostprocessing = 0;
		};
/* End PBXResourcesBuildPhase section */

/* Begin PBXShellScriptBuildPhase section */
		04AAE090D66DA298B289184C /* [CP] Copy Pods Resources */ = {
			isa = PBXShellScriptBuildPhase;
			buildActionMask = 2147483647;
			files = (
			);
			inputFileListPaths = (
				"${PODS_ROOT}/Target Support Files/Pods-BuDeJie/Pods-BuDeJie-resources-${CONFIGURATION}-input-files.xcfilelist",
			);
			name = "[CP] Copy Pods Resources";
			outputFileListPaths = (
				"${PODS_ROOT}/Target Support Files/Pods-BuDeJie/Pods-BuDeJie-resources-${CONFIGURATION}-output-files.xcfilelist",
			);
			runOnlyForDeploymentPostprocessing = 0;
			shellPath = /bin/sh;
			shellScript = "\"${PODS_ROOT}/Target Support Files/Pods-BuDeJie/Pods-BuDeJie-resources.sh\"\n";
			showEnvVarsInLog = 0;
		};
		4B838F3D7E467621BCCF09AA /* [CP] Check Pods Manifest.lock */ = {
			isa = PBXShellScriptBuildPhase;
			buildActionMask = 2147483647;
			files = (
			);
			inputFileListPaths = (
			);
			inputPaths = (
				"${PODS_PODFILE_DIR_PATH}/Podfile.lock",
				"${PODS_ROOT}/Manifest.lock",
			);
			name = "[CP] Check Pods Manifest.lock";
			outputFileListPaths = (
			);
			outputPaths = (
				"$(DERIVED_FILE_DIR)/Pods-BuDeJie-checkManifestLockResult.txt",
			);
			runOnlyForDeploymentPostprocessing = 0;
			shellPath = /bin/sh;
			shellScript = "diff \"${PODS_PODFILE_DIR_PATH}/Podfile.lock\" \"${PODS_ROOT}/Manifest.lock\" > /dev/null\nif [ $? != 0 ] ; then\n    # print error to STDERR\n    echo \"error: The sandbox is not in sync with the Podfile.lock. Run 'pod install' or update your CocoaPods installation.\" >&2\n    exit 1\nfi\n# This output is used by Xcode 'outputs' to avoid re-running this script phase.\necho \"SUCCESS\" > \"${SCRIPT_OUTPUT_FILE_0}\"\n";
			showEnvVarsInLog = 0;
		};
/* End PBXShellScriptBuildPhase section */

/* Begin PBXSourcesBuildPhase section */
		ABF63DE4231E14F400E425BB /* Sources */ = {
			isa = PBXSourcesBuildPhase;
			buildActionMask = 2147483647;
			files = (
				ABB08C05231F350F00410F9E /* XMGTabBar.m in Sources */,
				ABB6B84C2327822A00B153F4 /* XMGVoiceViewController.m in Sources */,
				ABB6B84D2327822A00B153F4 /* XMGWordViewController.m in Sources */,
				AB167B472324FAF2000FBFC8 /* XMGLoginField.m in Sources */,
				ABF72D79232CF1330070EF06 /* XMGTopic.m in Sources */,
				AB071F4E23239CE10023F9E8 /* XMGLoginRegisterView.m in Sources */,
				ABFACA2B232DC0F400F52774 /* UIImage+Image.m in Sources */,
				AB735D41232B9A33005604A9 /* XMGTopicCell.m in Sources */,
				ABFACA2F232E256100F52774 /* XMGTopicPictureView.m in Sources */,
				ABFACA25232DBF4800F52774 /* UIImageView+Download.m in Sources */,
				ABE4B2F72325CF410016463D /* XMGMeViewController.m in Sources */,
				ABB6B8512327AE7900B153F4 /* XMGConst.m in Sources */,
				ABF63E2C231E587B00E425BB /* XMGEssenceViewController.m in Sources */,
				AB84265023225C600098CC9C /* XMGSubTagCell.m in Sources */,
				ABE4B2F42325CF410016463D /* XMGSquareCell.m in Sources */,
				AB735D37232B987C005604A9 /* XMGTitleButton.m in Sources */,
				AB842649232202520098CC9C /* XMGSubTagViewController.m in Sources */,
				ABFACA23232DBF4800F52774 /* UITextField+Placeholder.m in Sources */,
				AB071F46232394C50023F9E8 /* XMGLoginRegisterViewController.m in Sources */,
				ABF63E38231E596200E425BB /* XMGPublishViewController.m in Sources */,
				ABFACA24232DBF4800F52774 /* UIView+Frame.m in Sources */,
				ABFACA26232DBF4800F52774 /* UIBarButtonItem+Item.m in Sources */,
				ABF63E35231E593C00E425BB /* XMGNewViewController.m in Sources */,
				AB167B42232484A0000FBFC8 /* XMGFastLoginView.m in Sources */,
				AB842646232103520098CC9C /* XMGADItem.m in Sources */,
				AB84264C23224F650098CC9C /* XMGSubTagItem.m in Sources */,
				ABF63E3F231E8AEA00E425BB /* XMGTabBarController.m in Sources */,
				ABB6B84B2327822A00B153F4 /* XMGAllViewController.m in Sources */,
				AB167B44232484A0000FBFC8 /* XMGFastButton.m in Sources */,
				ABFACA27232DBF4800F52774 /* UIImage+Antialias.m in Sources */,
				ABE4B30123264F530016463D /* XMGFileTool.m in Sources */,
				AB339BF723209448009BD276 /* XMGAdViewController.m in Sources */,
				ABB6B84E2327822A00B153F4 /* XMGPictureViewController.m in Sources */,
				ABB6B84A2327822A00B153F4 /* XMGVideoViewController.m in Sources */,
				ABE4B2F82325CF410016463D /* XMGWebViewController.m in Sources */,
				ABE4B30423264FBC0016463D /* XMGSettingViewController.m in Sources */,
				ABB08C12231FE2F100410F9E /* XMGNavigationViewController.m in Sources */,
				ABF63E2F231E58DF00E425BB /* XMGFriendTrendViewController.m in Sources */,
				ABF63E28231E57B300E425BB /* main.m in Sources */,
				ABE4B2F52325CF410016463D /* XMGSquareItem.m in Sources */,
				ABF63E29231E57B300E425BB /* AppDelegate.m in Sources */,
				ABF72D76232CF0BE0070EF06 /* XMGTopicVoiceView.m in Sources */,
				ABF72D71232CCC8F0070EF06 /* XMGTopicVideoView.m in Sources */,
			);
			runOnlyForDeploymentPostprocessing = 0;
		};
		ABF63DFC231E14F500E425BB /* Sources */ = {
			isa = PBXSourcesBuildPhase;
			buildActionMask = 2147483647;
			files = (
				ABF63E05231E14F500E425BB /* BuDeJieUITests.m in Sources */,
			);
			runOnlyForDeploymentPostprocessing = 0;
		};
/* End PBXSourcesBuildPhase section */

/* Begin PBXTargetDependency section */
		ABF63E02231E14F500E425BB /* PBXTargetDependency */ = {
			isa = PBXTargetDependency;
			target = ABF63DE7231E14F400E425BB /* BuDeJie */;
			targetProxy = ABF63E01231E14F500E425BB /* PBXContainerItemProxy */;
		};
/* End PBXTargetDependency section */

/* Begin PBXVariantGroup section */
		ABF63DF1231E14F400E425BB /* Main.storyboard */ = {
			isa = PBXVariantGroup;
			children = (
				ABF63DF2231E14F400E425BB /* Base */,
			);
			name = Main.storyboard;
			sourceTree = "<group>";
		};
		ABF63DF6231E14F500E425BB /* LaunchScreen.storyboard */ = {
			isa = PBXVariantGroup;
			children = (
				ABF63DF7231E14F500E425BB /* Base */,
			);
			name = LaunchScreen.storyboard;
			sourceTree = "<group>";
		};
/* End PBXVariantGroup section */

/* Begin XCBuildConfiguration section */
		ABF63E07231E14F500E425BB /* Debug */ = {
			isa = XCBuildConfiguration;
			buildSettings = {
				ALWAYS_SEARCH_USER_PATHS = NO;
				CLANG_ANALYZER_NONNULL = YES;
				CLANG_ANALYZER_NUMBER_OBJECT_CONVERSION = YES_AGGRESSIVE;
				CLANG_CXX_LANGUAGE_STANDARD = "gnu++14";
				CLANG_CXX_LIBRARY = "libc++";
				CLANG_ENABLE_MODULES = YES;
				CLANG_ENABLE_OBJC_ARC = YES;
				CLANG_ENABLE_OBJC_WEAK = YES;
				CLANG_WARN_BLOCK_CAPTURE_AUTORELEASING = YES;
				CLANG_WARN_BOOL_CONVERSION = YES;
				CLANG_WARN_COMMA = YES;
				CLANG_WARN_CONSTANT_CONVERSION = YES;
				CLANG_WARN_DEPRECATED_OBJC_IMPLEMENTATIONS = YES;
				CLANG_WARN_DIRECT_OBJC_ISA_USAGE = YES_ERROR;
				CLANG_WARN_DOCUMENTATION_COMMENTS = YES;
				CLANG_WARN_EMPTY_BODY = YES;
				CLANG_WARN_ENUM_CONVERSION = YES;
				CLANG_WARN_INFINITE_RECURSION = YES;
				CLANG_WARN_INT_CONVERSION = YES;
				CLANG_WARN_NON_LITERAL_NULL_CONVERSION = YES;
				CLANG_WARN_OBJC_IMPLICIT_RETAIN_SELF = YES;
				CLANG_WARN_OBJC_LITERAL_CONVERSION = YES;
				CLANG_WARN_OBJC_ROOT_CLASS = YES_ERROR;
				CLANG_WARN_RANGE_LOOP_ANALYSIS = YES;
				CLANG_WARN_STRICT_PROTOTYPES = YES;
				CLANG_WARN_SUSPICIOUS_MOVE = YES;
				CLANG_WARN_UNGUARDED_AVAILABILITY = YES_AGGRESSIVE;
				CLANG_WARN_UNREACHABLE_CODE = YES;
				CLANG_WARN__DUPLICATE_METHOD_MATCH = YES;
				CODE_SIGN_IDENTITY = "iPhone Developer";
				COPY_PHASE_STRIP = NO;
				DEBUG_INFORMATION_FORMAT = dwarf;
				ENABLE_STRICT_OBJC_MSGSEND = YES;
				ENABLE_TESTABILITY = YES;
				GCC_C_LANGUAGE_STANDARD = gnu11;
				GCC_DYNAMIC_NO_PIC = NO;
				GCC_NO_COMMON_BLOCKS = YES;
				GCC_OPTIMIZATION_LEVEL = 0;
				GCC_PREFIX_HEADER = BuDeJie/Classes/Other/BuDeJie.pch;
				GCC_PREPROCESSOR_DEFINITIONS = (
					"DEBUG=1",
					"$(inherited)",
				);
				GCC_WARN_64_TO_32_BIT_CONVERSION = YES;
				GCC_WARN_ABOUT_RETURN_TYPE = YES_ERROR;
				GCC_WARN_UNDECLARED_SELECTOR = YES;
				GCC_WARN_UNINITIALIZED_AUTOS = YES_AGGRESSIVE;
				GCC_WARN_UNUSED_FUNCTION = YES;
				GCC_WARN_UNUSED_VARIABLE = YES;
				IPHONEOS_DEPLOYMENT_TARGET = 12.2;
				MTL_ENABLE_DEBUG_INFO = INCLUDE_SOURCE;
				MTL_FAST_MATH = YES;
				ONLY_ACTIVE_ARCH = YES;
				SDKROOT = iphoneos;
			};
			name = Debug;
		};
		ABF63E08231E14F500E425BB /* Release */ = {
			isa = XCBuildConfiguration;
			buildSettings = {
				ALWAYS_SEARCH_USER_PATHS = NO;
				CLANG_ANALYZER_NONNULL = YES;
				CLANG_ANALYZER_NUMBER_OBJECT_CONVERSION = YES_AGGRESSIVE;
				CLANG_CXX_LANGUAGE_STANDARD = "gnu++14";
				CLANG_CXX_LIBRARY = "libc++";
				CLANG_ENABLE_MODULES = YES;
				CLANG_ENABLE_OBJC_ARC = YES;
				CLANG_ENABLE_OBJC_WEAK = YES;
				CLANG_WARN_BLOCK_CAPTURE_AUTORELEASING = YES;
				CLANG_WARN_BOOL_CONVERSION = YES;
				CLANG_WARN_COMMA = YES;
				CLANG_WARN_CONSTANT_CONVERSION = YES;
				CLANG_WARN_DEPRECATED_OBJC_IMPLEMENTATIONS = YES;
				CLANG_WARN_DIRECT_OBJC_ISA_USAGE = YES_ERROR;
				CLANG_WARN_DOCUMENTATION_COMMENTS = YES;
				CLANG_WARN_EMPTY_BODY = YES;
				CLANG_WARN_ENUM_CONVERSION = YES;
				CLANG_WARN_INFINITE_RECURSION = YES;
				CLANG_WARN_INT_CONVERSION = YES;
				CLANG_WARN_NON_LITERAL_NULL_CONVERSION = YES;
				CLANG_WARN_OBJC_IMPLICIT_RETAIN_SELF = YES;
				CLANG_WARN_OBJC_LITERAL_CONVERSION = YES;
				CLANG_WARN_OBJC_ROOT_CLASS = YES_ERROR;
				CLANG_WARN_RANGE_LOOP_ANALYSIS = YES;
				CLANG_WARN_STRICT_PROTOTYPES = YES;
				CLANG_WARN_SUSPICIOUS_MOVE = YES;
				CLANG_WARN_UNGUARDED_AVAILABILITY = YES_AGGRESSIVE;
				CLANG_WARN_UNREACHABLE_CODE = YES;
				CLANG_WARN__DUPLICATE_METHOD_MATCH = YES;
				CODE_SIGN_IDENTITY = "iPhone Developer";
				COPY_PHASE_STRIP = NO;
				DEBUG_INFORMATION_FORMAT = "dwarf-with-dsym";
				ENABLE_NS_ASSERTIONS = NO;
				ENABLE_STRICT_OBJC_MSGSEND = YES;
				GCC_C_LANGUAGE_STANDARD = gnu11;
				GCC_NO_COMMON_BLOCKS = YES;
				GCC_PREFIX_HEADER = BuDeJie/Classes/Other/BuDeJie.pch;
				GCC_WARN_64_TO_32_BIT_CONVERSION = YES;
				GCC_WARN_ABOUT_RETURN_TYPE = YES_ERROR;
				GCC_WARN_UNDECLARED_SELECTOR = YES;
				GCC_WARN_UNINITIALIZED_AUTOS = YES_AGGRESSIVE;
				GCC_WARN_UNUSED_FUNCTION = YES;
				GCC_WARN_UNUSED_VARIABLE = YES;
				IPHONEOS_DEPLOYMENT_TARGET = 12.2;
				MTL_ENABLE_DEBUG_INFO = NO;
				MTL_FAST_MATH = YES;
				SDKROOT = iphoneos;
				VALIDATE_PRODUCT = YES;
			};
			name = Release;
		};
		ABF63E0A231E14F500E425BB /* Debug */ = {
			isa = XCBuildConfiguration;
			baseConfigurationReference = 7EE2145DA64B8291F7200D3F /* Pods-BuDeJie.debug.xcconfig */;
			buildSettings = {
				ASSETCATALOG_COMPILER_APPICON_NAME = AppIcon;
				ASSETCATALOG_COMPILER_LAUNCHIMAGE_NAME = LaunchImage;
				CODE_SIGN_STYLE = Automatic;
				GCC_PREFIX_HEADER = BuDeJie/Classes/Other/BuDeJie.pch;
				INFOPLIST_FILE = BuDeJie/Info.plist;
				LD_RUNPATH_SEARCH_PATHS = (
					"$(inherited)",
					"@executable_path/Frameworks",
				);
				PRODUCT_BUNDLE_IDENTIFIER = com.520it.BuDeJie;
				PRODUCT_NAME = "$(TARGET_NAME)";
				TARGETED_DEVICE_FAMILY = "1,2";
			};
			name = Debug;
		};
		ABF63E0B231E14F500E425BB /* Release */ = {
			isa = XCBuildConfiguration;
			baseConfigurationReference = 24E98BB53209AEC433D8E44F /* Pods-BuDeJie.release.xcconfig */;
			buildSettings = {
				ASSETCATALOG_COMPILER_APPICON_NAME = AppIcon;
				ASSETCATALOG_COMPILER_LAUNCHIMAGE_NAME = LaunchImage;
				CODE_SIGN_STYLE = Automatic;
				GCC_PREFIX_HEADER = BuDeJie/Classes/Other/BuDeJie.pch;
				INFOPLIST_FILE = BuDeJie/Info.plist;
				LD_RUNPATH_SEARCH_PATHS = (
					"$(inherited)",
					"@executable_path/Frameworks",
				);
				PRODUCT_BUNDLE_IDENTIFIER = com.520it.BuDeJie;
				PRODUCT_NAME = "$(TARGET_NAME)";
				TARGETED_DEVICE_FAMILY = "1,2";
			};
			name = Release;
		};
		ABF63E0D231E14F500E425BB /* Debug */ = {
			isa = XCBuildConfiguration;
			buildSettings = {
				CODE_SIGN_STYLE = Automatic;
				INFOPLIST_FILE = BuDeJieUITests/Info.plist;
				LD_RUNPATH_SEARCH_PATHS = (
					"$(inherited)",
					"@executable_path/Frameworks",
					"@loader_path/Frameworks",
				);
				PRODUCT_BUNDLE_IDENTIFIER = com.520it.BuDeJieUITests;
				PRODUCT_NAME = "$(TARGET_NAME)";
				TARGETED_DEVICE_FAMILY = "1,2";
				TEST_TARGET_NAME = BuDeJie;
			};
			name = Debug;
		};
		ABF63E0E231E14F500E425BB /* Release */ = {
			isa = XCBuildConfiguration;
			buildSettings = {
				CODE_SIGN_STYLE = Automatic;
				INFOPLIST_FILE = BuDeJieUITests/Info.plist;
				LD_RUNPATH_SEARCH_PATHS = (
					"$(inherited)",
					"@executable_path/Frameworks",
					"@loader_path/Frameworks",
				);
				PRODUCT_BUNDLE_IDENTIFIER = com.520it.BuDeJieUITests;
				PRODUCT_NAME = "$(TARGET_NAME)";
				TARGETED_DEVICE_FAMILY = "1,2";
				TEST_TARGET_NAME = BuDeJie;
			};
			name = Release;
		};
/* End XCBuildConfiguration section */

/* Begin XCConfigurationList section */
		ABF63DE3231E14F400E425BB /* Build configuration list for PBXProject "BuDeJie" */ = {
			isa = XCConfigurationList;
			buildConfigurations = (
				ABF63E07231E14F500E425BB /* Debug */,
				ABF63E08231E14F500E425BB /* Release */,
			);
			defaultConfigurationIsVisible = 0;
			defaultConfigurationName = Release;
		};
		ABF63E09231E14F500E425BB /* Build configuration list for PBXNativeTarget "BuDeJie" */ = {
			isa = XCConfigurationList;
			buildConfigurations = (
				ABF63E0A231E14F500E425BB /* Debug */,
				ABF63E0B231E14F500E425BB /* Release */,
			);
			defaultConfigurationIsVisible = 0;
			defaultConfigurationName = Release;
		};
		ABF63E0C231E14F500E425BB /* Build configuration list for PBXNativeTarget "BuDeJieUITests" */ = {
			isa = XCConfigurationList;
			buildConfigurations = (
				ABF63E0D231E14F500E425BB /* Debug */,
				ABF63E0E231E14F500E425BB /* Release */,
			);
			defaultConfigurationIsVisible = 0;
			defaultConfigurationName = Release;
		};
/* End XCConfigurationList section */
	};
	rootObject = ABF63DE0231E14F400E425BB /* Project object */;
}
